// !$*UTF8*$!
{
	archiveVersion = 1;
	classes = {
	};
	objectVersion = 46;
	objects = {

/* Begin PBXBuildFile section */
		277FCE2D1CEACD9C0069A3F0 /* main.m in Sources */ = {isa = PBXBuildFile; fileRef = 277FCE2C1CEACD9C0069A3F0 /* main.m */; };
		277FCE301CEACD9C0069A3F0 /* AppDelegate.m in Sources */ = {isa = PBXBuildFile; fileRef = 277FCE2F1CEACD9C0069A3F0 /* AppDelegate.m */; };
		277FCE331CEACD9C0069A3F0 /* ViewController.m in Sources */ = {isa = PBXBuildFile; fileRef = 277FCE321CEACD9C0069A3F0 /* ViewController.m */; };
		277FCE361CEACD9C0069A3F0 /* Main.storyboard in Resources */ = {isa = PBXBuildFile; fileRef = 277FCE341CEACD9C0069A3F0 /* Main.storyboard */; };
		277FCE381CEACD9C0069A3F0 /* Assets.xcassets in Resources */ = {isa = PBXBuildFile; fileRef = 277FCE371CEACD9C0069A3F0 /* Assets.xcassets */; };
		277FCE3B1CEACD9C0069A3F0 /* LaunchScreen.storyboard in Resources */ = {isa = PBXBuildFile; fileRef = 277FCE391CEACD9C0069A3F0 /* LaunchScreen.storyboard */; };
		277FCE4F1CEACF1B0069A3F0 /* BNRQuizViewController.m in Sources */ = {isa = PBXBuildFile; fileRef = 277FCE4D1CEACF1B0069A3F0 /* BNRQuizViewController.m */; };
		277FCE501CEACF1B0069A3F0 /* BNRQuizViewController.xib in Resources */ = {isa = PBXBuildFile; fileRef = 277FCE4E1CEACF1B0069A3F0 /* BNRQuizViewController.xib */; };
/* End PBXBuildFile section */

/* Begin PBXFileReference section */
		277FCE281CEACD9C0069A3F0 /* BNRQuiz.app */ = {isa = PBXFileReference; explicitFileType = wrapper.application; includeInIndex = 0; path = BNRQuiz.app; sourceTree = BUILT_PRODUCTS_DIR; };
		277FCE2C1CEACD9C0069A3F0 /* main.m */ = {isa = PBXFileReference; lastKnownFileType = sourcecode.c.objc; path = main.m; sourceTree = "<group>"; };
		277FCE2E1CEACD9C0069A3F0 /* AppDelegate.h */ = {isa = PBXFileReference; lastKnownFileType = sourcecode.c.h; path = AppDelegate.h; sourceTree = "<group>"; };
		277FCE2F1CEACD9C0069A3F0 /* AppDelegate.m */ = {isa = PBXFileReference; lastKnownFileType = sourcecode.c.objc; path = AppDelegate.m; sourceTree = "<group>"; };
		277FCE311CEACD9C0069A3F0 /* ViewController.h */ = {isa = PBXFileReference; lastKnownFileType = sourcecode.c.h; path = ViewController.h; sourceTree = "<group>"; };
		277FCE321CEACD9C0069A3F0 /* ViewController.m */ = {isa = PBXFileReference; lastKnownFileType = sourcecode.c.objc; path = ViewController.m; sourceTree = "<group>"; };
		277FCE351CEACD9C0069A3F0 /* Base */ = {isa = PBXFileReference; lastKnownFileType = file.storyboard; name = Base; path = Base.lproj/Main.storyboard; sourceTree = "<group>"; };
		277FCE371CEACD9C0069A3F0 /* Assets.xcassets */ = {isa = PBXFileReference; lastKnownFileType = folder.assetcatalog; path = Assets.xcassets; sourceTree = "<group>"; };
		277FCE3A1CEACD9C0069A3F0 /* Base */ = {isa = PBXFileReference; lastKnownFileType = file.storyboard; name = Base; path = Base.lproj/LaunchScreen.storyboard; sourceTree = "<group>"; };
		277FCE3C1CEACD9C0069A3F0 /* Info.plist */ = {isa = PBXFileReference; lastKnownFileType = text.plist.xml; path = Info.plist; sourceTree = "<group>"; };
		277FCE4C1CEACF1B0069A3F0 /* BNRQuizViewController.h */ = {isa = PBXFileReference; fileEncoding = 4; lastKnownFileType = sourcecode.c.h; path = BNRQuizViewController.h; sourceTree = "<group>"; };
		277FCE4D1CEACF1B0069A3F0 /* BNRQuizViewController.m */ = {isa = PBXFileReference; fileEncoding = 4; lastKnownFileType = sourcecode.c.objc; path = BNRQuizViewController.m; sourceTree = "<group>"; };
		277FCE4E1CEACF1B0069A3F0 /* BNRQuizViewController.xib */ = {isa = PBXFileReference; fileEncoding = 4; lastKnownFileType = file.xib; path = BNRQuizViewController.xib; sourceTree = "<group>"; };
/* End PBXFileReference section */

/* Begin PBXFrameworksBuildPhase section */
		277FCE251CEACD9C0069A3F0 /* Frameworks */ = {
			isa = PBXFrameworksBuildPhase;
			buildActionMask = 2147483647;
			files = (
			);
			runOnlyForDeploymentPostprocessing = 0;
		};
/* End PBXFrameworksBuildPhase section */

/* Begin PBXGroup section */
		277FCE1F1CEACD9C0069A3F0 = {
			isa = PBXGroup;
			children = (
				277FCE2A1CEACD9C0069A3F0 /* BNRQuiz */,
				277FCE291CEACD9C0069A3F0 /* Products */,
			);
			sourceTree = "<group>";
		};
		277FCE291CEACD9C0069A3F0 /* Products */ = {
			isa = PBXGroup;
			children = (
				277FCE281CEACD9C0069A3F0 /* BNRQuiz.app */,
			);
			name = Products;
			sourceTree = "<group>";
		};
		277FCE2A1CEACD9C0069A3F0 /* BNRQuiz */ = {
			isa = PBXGroup;
			children = (
				277FCE2E1CEACD9C0069A3F0 /* AppDelegate.h */,
				277FCE2F1CEACD9C0069A3F0 /* AppDelegate.m */,
				277FCE311CEACD9C0069A3F0 /* ViewController.h */,
				277FCE321CEACD9C0069A3F0 /* ViewController.m */,
				277FCE4C1CEACF1B0069A3F0 /* BNRQuizViewController.h */,
				277FCE4D1CEACF1B0069A3F0 /* BNRQuizViewController.m */,
				277FCE4E1CEACF1B0069A3F0 /* BNRQuizViewController.xib */,
				277FCE341CEACD9C0069A3F0 /* Main.storyboard */,
				277FCE371CEACD9C0069A3F0 /* Assets.xcassets */,
				277FCE391CEACD9C0069A3F0 /* LaunchScreen.storyboard */,
				277FCE3C1CEACD9C0069A3F0 /* Info.plist */,
				277FCE2B1CEACD9C0069A3F0 /* Supporting Files */,
			);
			path = BNRQuiz;
			sourceTree = "<group>";
		};
		277FCE2B1CEACD9C0069A3F0 /* Supporting Files */ = {
			isa = PBXGroup;
			children = (
				277FCE2C1CEACD9C0069A3F0 /* main.m */,
			);
			name = "Supporting Files";
			sourceTree = "<group>";
		};
/* End PBXGroup section */

/* Begin PBXNativeTarget section */
		277FCE271CEACD9C0069A3F0 /* BNRQuiz */ = {
			isa = PBXNativeTarget;
			buildConfigurationList = 277FCE3F1CEACD9C0069A3F0 /* Build configuration list for PBXNativeTarget "BNRQuiz" */;
			buildPhases = (
				277FCE241CEACD9C0069A3F0 /* Sources */,
				277FCE251CEACD9C0069A3F0 /* Frameworks */,
				277FCE261CEACD9C0069A3F0 /* Resources */,
			);
			buildRules = (
			);
			dependencies = (
			);
			name = BNRQuiz;
			productName = BNRQuiz;
			productReference = 277FCE281CEACD9C0069A3F0 /* BNRQuiz.app */;
			productType = "com.apple.product-type.application";
		};
/* End PBXNativeTarget section */

/* Begin PBXProject section */
		277FCE201CEACD9C0069A3F0 /* Project object */ = {
			isa = PBXProject;
			attributes = {
				LastUpgradeCheck = 0730;
				ORGANIZATIONNAME = Kyle;
				TargetAttributes = {
					277FCE271CEACD9C0069A3F0 = {
						CreatedOnToolsVersion = 7.3.1;
					};
				};
			};
			buildConfigurationList = 277FCE231CEACD9C0069A3F0 /* Build configuration list for PBXProject "BNRQuiz" */;
			compatibilityVersion = "Xcode 3.2";
			developmentRegion = English;
			hasScannedForEncodings = 0;
			knownRegions = (
				en,
				Base,
			);
			mainGroup = 277FCE1F1CEACD9C0069A3F0;
			productRefGroup = 277FCE291CEACD9C0069A3F0 /* Products */;
			projectDirPath = "";
			projectRoot = "";
			targets = (
				277FCE271CEACD9C0069A3F0 /* BNRQuiz */,
			);
		};
/* End PBXProject section */

/* Begin PBXResourcesBuildPhase section */
		277FCE261CEACD9C0069A3F0 /* Resources */ = {
			isa = PBXResourcesBuildPhase;
			buildActionMask = 2147483647;
			files = (
				277FCE3B1CEACD9C0069A3F0 /* LaunchScreen.storyboard in Resources */,
				277FCE381CEACD9C0069A3F0 /* Assets.xcassets in Resources */,
				277FCE361CEACD9C0069A3F0 /* Main.storyboard in Resources */,
				277FCE501CEACF1B0069A3F0 /* BNRQuizViewController.xib in Resources */,
			);
			runOnlyForDeploymentPostprocessing = 0;
		};
/* End PBXResourcesBuildPhase section */

/* Begin PBXSourcesBuildPhase section */
		277FCE241CEACD9C0069A3F0 /* Sources */ = {
			isa = PBXSourcesBuildPhase;
			buildActionMask = 2147483647;
			files = (
				277FCE4F1CEACF1B0069A3F0 /* BNRQuizViewController.m in Sources */,
				277FCE331CEACD9C0069A3F0 /* ViewController.m in Sources */,
				277FCE301CEACD9C0069A3F0 /* AppDelegate.m in Sources */,
				277FCE2D1CEACD9C0069A3F0 /* main.m in Sources */,
			);
			runOnlyForDeploymentPostprocessing = 0;
		};
/* End PBXSourcesBuildPhase section */

/* Begin PBXVariantGroup section */
		277FCE341CEACD9C0069A3F0 /* Main.storyboard */ = {
			isa = PBXVariantGroup;
			children = (
				277FCE351CEACD9C0069A3F0 /* Base */,
			);
			name = Main.storyboard;
			sourceTree = "<group>";
		};
		277FCE391CEACD9C0069A3F0 /* LaunchScreen.storyboard */ = {
			isa = PBXVariantGroup;
			children = (
				277FCE3A1CEACD9C0069A3F0 /* Base */,
			);
			name = LaunchScreen.storyboard;
			sourceTree = "<group>";
		};
/* End PBXVariantGroup section */

/* Begin XCBuildConfiguration section */
		277FCE3D1CEACD9C0069A3F0 /* Debug */ = {
			isa = XCBuildConfiguration;
			buildSettings = {
				ALWAYS_SEARCH_USER_PATHS = NO;
				CLANG_ANALYZER_NONNULL = YES;
				CLANG_CXX_LANGUAGE_STANDARD = "gnu++0x";
				CLANG_CXX_LIBRARY = "libc++";
				CLANG_ENABLE_MODULES = YES;
				CLANG_ENABLE_OBJC_ARC = YES;
				CLANG_WARN_BOOL_CONVERSION = YES;
				CLANG_WARN_CONSTANT_CONVERSION = YES;
				CLANG_WARN_DIRECT_OBJC_ISA_USAGE = YES_ERROR;
				CLANG_WARN_EMPTY_BODY = YES;
				CLANG_WARN_ENUM_CONVERSION = YES;
				CLANG_WARN_INT_CONVERSION = YES;
				CLANG_WARN_OBJC_ROOT_CLASS = YES_ERROR;
				CLANG_WARN_UNREACHABLE_CODE = YES;
				CLANG_WARN__DUPLICATE_METHOD_MATCH = YES;
				"CODE_SIGN_IDENTITY[sdk=iphoneos*]" = "iPhone Developer";
				COPY_PHASE_STRIP = NO;
				DEBUG_INFORMATION_FORMAT = dwarf;
				ENABLE_STRICT_OBJC_MSGSEND = YES;
				ENABLE_TESTABILITY = YES;
				GCC_C_LANGUAGE_STANDARD = gnu99;
				GCC_DYNAMIC_NO_PIC = NO;
				GCC_NO_COMMON_BLOCKS = YES;
				GCC_OPTIMIZATION_LEVEL = 0;
				GCC_PREPROCESSOR_DEFINITIONS = (
					"DEBUG=1",
					"$(inherited)",
				);
				GCC_WARN_64_TO_32_BIT_CONVERSION = YES;
				GCC_WARN_ABOUT_RETURN_TYPE = YES_ERROR;
				GCC_WARN_UNDECLARED_SELECTOR = YES;
				GCC_WARN_UNINITIALIZED_AUTOS = YES_AGGRESSIVE;
				GCC_WARN_UNUSED_FUNCTION = YES;
				GCC_WARN_UNUSED_VARIABLE = YES;
				IPHONEOS_DEPLOYMENT_TARGET = 9.3;
				MTL_ENABLE_DEBUG_INFO = YES;
				ONLY_ACTIVE_ARCH = YES;
				SDKROOT = iphoneos;
			};
			name = Debug;
		};
		277FCE3E1CEACD9C0069A3F0 /* Release */ = {
			isa = XCBuildConfiguration;
			buildSettings = {
				ALWAYS_SEARCH_USER_PATHS = NO;
				CLANG_ANALYZER_NONNULL = YES;
				CLANG_CXX_LANGUAGE_STANDARD = "gnu++0x";
				CLANG_CXX_LIBRARY = "libc++";
				CLANG_ENABLE_MODULES = YES;
				CLANG_ENABLE_OBJC_ARC = YES;
				CLANG_WARN_BOOL_CONVERSION = YES;
				CLANG_WARN_CONSTANT_CONVERSION = YES;
				CLANG_WARN_DIRECT_OBJC_ISA_USAGE = YES_ERROR;
				CLANG_WARN_EMPTY_BODY = YES;
				CLANG_WARN_ENUM_CONVERSION = YES;
				CLANG_WARN_INT_CONVERSION = YES;
				CLANG_WARN_OBJC_ROOT_CLASS = YES_ERROR;
				CLANG_WARN_UNREACHABLE_CODE = YES;
				CLANG_WARN__DUPLICATE_METHOD_MATCH = YES;
				"CODE_SIGN_IDENTITY[sdk=iphoneos*]" = "iPhone Developer";
				COPY_PHASE_STRIP = NO;
				DEBUG_INFORMATION_FORMAT = "dwarf-with-dsym";
				ENABLE_NS_ASSERTIONS = NO;
				ENABLE_STRICT_OBJC_MSGSEND = YES;
				GCC_C_LANGUAGE_STANDARD = gnu99;
				GCC_NO_COMMON_BLOCKS = YES;
				GCC_WARN_64_TO_32_BIT_CONVERSION = YES;
				GCC_WARN_ABOUT_RETURN_TYPE = YES_ERROR;
				GCC_WARN_UNDECLARED_SELECTOR = YES;
				GCC_WARN_UNINITIALIZED_AUTOS = YES_AGGRESSIVE;
				GCC_WARN_UNUSED_FUNCTION = YES;
				GCC_WARN_UNUSED_VARIABLE = YES;
				IPHONEOS_DEPLOYMENT_TARGET = 9.3;
				MTL_ENABLE_DEBUG_INFO = NO;
				SDKROOT = iphoneos;
				VALIDATE_PRODUCT = YES;
			};
			name = Release;
		};
		277FCE401CEACD9C0069A3F0 /* Debug */ = {
			isa = XCBuildConfiguration;
			buildSettings = {
				ASSETCATALOG_COMPILER_APPICON_NAME = AppIcon;
				INFOPLIST_FILE = BNRQuiz/Info.plist;
				LD_RUNPATH_SEARCH_PATHS = "$(inherited) @executable_path/Frameworks";
				PRODUCT_BUNDLE_IDENTIFIER = com.universal.kyle.BNRQuiz;
				PRODUCT_NAME = "$(TARGET_NAME)";
			};
			name = Debug;
		};
		277FCE411CEACD9C0069A3F0 /* Release */ = {
			isa = XCBuildConfiguration;
			buildSettings = {
				ASSETCATALOG_COMPILER_APPICON_NAME = AppIcon;
				INFOPLIST_FILE = BNRQuiz/Info.plist;
				LD_RUNPATH_SEARCH_PATHS = "$(inherited) @executable_path/Frameworks";
				PRODUCT_BUNDLE_IDENTIFIER = com.universal.kyle.BNRQuiz;
				PRODUCT_NAME = "$(TARGET_NAME)";
			};
			name = Release;
		};
/* End XCBuildConfiguration section */

/* Begin XCConfigurationList section */
		277FCE231CEACD9C0069A3F0 /* Build configuration list for PBXProject "BNRQuiz" */ = {
			isa = XCConfigurationList;
			buildConfigurations = (
				277FCE3D1CEACD9C0069A3F0 /* Debug */,
				277FCE3E1CEACD9C0069A3F0 /* Release */,
			);
			defaultConfigurationIsVisible = 0;
			defaultConfigurationName = Release;
		};
		277FCE3F1CEACD9C0069A3F0 /* Build configuration list for PBXNativeTarget "BNRQuiz" */ = {
			isa = XCConfigurationList;
			buildConfigurations = (
				277FCE401CEACD9C0069A3F0 /* Debug */,
				277FCE411CEACD9C0069A3F0 /* Release */,
			);
			defaultConfigurationIsVisible = 0;
		};
/* End XCConfigurationList section */
	};
	rootObject = 277FCE201CEACD9C0069A3F0 /* Project object */;
}
