// !$*UTF8*$!
{
	archiveVersion = 1;
	classes = {
	};
	objectVersion = 46;
	objects = {

/* Begin PBXBuildFile section */
		A9D9DFBB1C915EEE00FEE494 /* main.m in Sources */ = {isa = PBXBuildFile; fileRef = A9D9DFBA1C915EEE00FEE494 /* main.m */; };
		A9D9DFC61C915F1400FEE494 /* Rectangle.m in Sources */ = {isa = PBXBuildFile; fileRef = A9D9DFC51C915F1400FEE494 /* Rectangle.m */; };
/* End PBXBuildFile section */

/* Begin PBXCopyFilesBuildPhase section */
		A9D9DFB51C915EEE00FEE494 /* CopyFiles */ = {
			isa = PBXCopyFilesBuildPhase;
			buildActionMask = 2147483647;
			dstPath = /usr/share/man/man1/;
			dstSubfolderSpec = 0;
			files = (
			);
			runOnlyForDeploymentPostprocessing = 1;
		};
/* End PBXCopyFilesBuildPhase section */

/* Begin PBXFileReference section */
		A9D9DFB71C915EEE00FEE494 /* 8.8 */ = {isa = PBXFileReference; explicitFileType = "compiled.mach-o.executable"; includeInIndex = 0; path = 8.8; sourceTree = BUILT_PRODUCTS_DIR; };
		A9D9DFBA1C915EEE00FEE494 /* main.m */ = {isa = PBXFileReference; lastKnownFileType = sourcecode.c.objc; path = main.m; sourceTree = "<group>"; };
		A9D9DFC41C915F1400FEE494 /* Rectangle.h */ = {isa = PBXFileReference; fileEncoding = 4; lastKnownFileType = sourcecode.c.h; path = Rectangle.h; sourceTree = "<group>"; };
		A9D9DFC51C915F1400FEE494 /* Rectangle.m */ = {isa = PBXFileReference; fileEncoding = 4; lastKnownFileType = sourcecode.c.objc; path = Rectangle.m; sourceTree = "<group>"; };
/* End PBXFileReference section */

/* Begin PBXFrameworksBuildPhase section */
		A9D9DFB41C915EEE00FEE494 /* Frameworks */ = {
			isa = PBXFrameworksBuildPhase;
			buildActionMask = 2147483647;
			files = (
			);
			runOnlyForDeploymentPostprocessing = 0;
		};
/* End PBXFrameworksBuildPhase section */

/* Begin PBXGroup section */
		A9D9DFAE1C915EEE00FEE494 = {
			isa = PBXGroup;
			children = (
				A9D9DFC41C915F1400FEE494 /* Rectangle.h */,
				A9D9DFC51C915F1400FEE494 /* Rectangle.m */,
				A9D9DFB91C915EEE00FEE494 /* 8.8 */,
				A9D9DFB81C915EEE00FEE494 /* Products */,
			);
			sourceTree = "<group>";
		};
		A9D9DFB81C915EEE00FEE494 /* Products */ = {
			isa = PBXGroup;
			children = (
				A9D9DFB71C915EEE00FEE494 /* 8.8 */,
			);
			name = Products;
			sourceTree = "<group>";
		};
		A9D9DFB91C915EEE00FEE494 /* 8.8 */ = {
			isa = PBXGroup;
			children = (
				A9D9DFBA1C915EEE00FEE494 /* main.m */,
			);
			path = 8.8;
			sourceTree = "<group>";
		};
/* End PBXGroup section */

/* Begin PBXNativeTarget section */
		A9D9DFB61C915EEE00FEE494 /* 8.8 */ = {
			isa = PBXNativeTarget;
			buildConfigurationList = A9D9DFBE1C915EEE00FEE494 /* Build configuration list for PBXNativeTarget "8.8" */;
			buildPhases = (
				A9D9DFB31C915EEE00FEE494 /* Sources */,
				A9D9DFB41C915EEE00FEE494 /* Frameworks */,
				A9D9DFB51C915EEE00FEE494 /* CopyFiles */,
			);
			buildRules = (
			);
			dependencies = (
			);
			name = 8.8;
			productName = 8.8;
			productReference = A9D9DFB71C915EEE00FEE494 /* 8.8 */;
			productType = "com.apple.product-type.tool";
		};
/* End PBXNativeTarget section */

/* Begin PBXProject section */
		A9D9DFAF1C915EEE00FEE494 /* Project object */ = {
			isa = PBXProject;
			attributes = {
				LastUpgradeCheck = 0720;
				ORGANIZATIONNAME = trainer;
				TargetAttributes = {
					A9D9DFB61C915EEE00FEE494 = {
						CreatedOnToolsVersion = 7.2;
					};
				};
			};
			buildConfigurationList = A9D9DFB21C915EEE00FEE494 /* Build configuration list for PBXProject "8.8" */;
			compatibilityVersion = "Xcode 3.2";
			developmentRegion = English;
			hasScannedForEncodings = 0;
			knownRegions = (
				en,
			);
			mainGroup = A9D9DFAE1C915EEE00FEE494;
			productRefGroup = A9D9DFB81C915EEE00FEE494 /* Products */;
			projectDirPath = "";
			projectRoot = "";
			targets = (
				A9D9DFB61C915EEE00FEE494 /* 8.8 */,
			);
		};
/* End PBXProject section */

/* Begin PBXSourcesBuildPhase section */
		A9D9DFB31C915EEE00FEE494 /* Sources */ = {
			isa = PBXSourcesBuildPhase;
			buildActionMask = 2147483647;
			files = (
				A9D9DFBB1C915EEE00FEE494 /* main.m in Sources */,
				A9D9DFC61C915F1400FEE494 /* Rectangle.m in Sources */,
			);
			runOnlyForDeploymentPostprocessing = 0;
		};
/* End PBXSourcesBuildPhase section */

/* Begin XCBuildConfiguration section */
		A9D9DFBC1C915EEE00FEE494 /* Debug */ = {
			isa = XCBuildConfiguration;
			buildSettings = {
				ALWAYS_SEARCH_USER_PATHS = NO;
				CLANG_CXX_LANGUAGE_STANDARD = "gnu++0x";
				CLANG_CXX_LIBRARY = "libc++";
				CLANG_ENABLE_MODULES = YES;
				CLANG_ENABLE_OBJC_ARC = YES;
				CLANG_WARN_BOOL_CONVERSION = YES;
				CLANG_WARN_CONSTANT_CONVERSION = YES;
				CLANG_WARN_DIRECT_OBJC_ISA_USAGE = YES_ERROR;
				CLANG_WARN_EMPTY_BODY = YES;
				CLANG_WARN_ENUM_CONVERSION = YES;
				CLANG_WARN_INT_CONVERSION = YES;
				CLANG_WARN_OBJC_ROOT_CLASS = YES_ERROR;
				CLANG_WARN_UNREACHABLE_CODE = YES;
				CLANG_WARN__DUPLICATE_METHOD_MATCH = YES;
				CODE_SIGN_IDENTITY = "-";
				COPY_PHASE_STRIP = NO;
				DEBUG_INFORMATION_FORMAT = dwarf;
				ENABLE_STRICT_OBJC_MSGSEND = YES;
				ENABLE_TESTABILITY = YES;
				GCC_C_LANGUAGE_STANDARD = gnu99;
				GCC_DYNAMIC_NO_PIC = NO;
				GCC_NO_COMMON_BLOCKS = YES;
				GCC_OPTIMIZATION_LEVEL = 0;
				GCC_PREPROCESSOR_DEFINITIONS = (
					"DEBUG=1",
					"$(inherited)",
				);
				GCC_WARN_64_TO_32_BIT_CONVERSION = YES;
				GCC_WARN_ABOUT_RETURN_TYPE = YES_ERROR;
				GCC_WARN_UNDECLARED_SELECTOR = YES;
				GCC_WARN_UNINITIALIZED_AUTOS = YES_AGGRESSIVE;
				GCC_WARN_UNUSED_FUNCTION = YES;
				GCC_WARN_UNUSED_VARIABLE = YES;
				MACOSX_DEPLOYMENT_TARGET = 10.11;
				MTL_ENABLE_DEBUG_INFO = YES;
				ONLY_ACTIVE_ARCH = YES;
				SDKROOT = macosx;
			};
			name = Debug;
		};
		A9D9DFBD1C915EEE00FEE494 /* Release */ = {
			isa = XCBuildConfiguration;
			buildSettings = {
				ALWAYS_SEARCH_USER_PATHS = NO;
				CLANG_CXX_LANGUAGE_STANDARD = "gnu++0x";
				CLANG_CXX_LIBRARY = "libc++";
				CLANG_ENABLE_MODULES = YES;
				CLANG_ENABLE_OBJC_ARC = YES;
				CLANG_WARN_BOOL_CONVERSION = YES;
				CLANG_WARN_CONSTANT_CONVERSION = YES;
				CLANG_WARN_DIRECT_OBJC_ISA_USAGE = YES_ERROR;
				CLANG_WARN_EMPTY_BODY = YES;
				CLANG_WARN_ENUM_CONVERSION = YES;
				CLANG_WARN_INT_CONVERSION = YES;
				CLANG_WARN_OBJC_ROOT_CLASS = YES_ERROR;
				CLANG_WARN_UNREACHABLE_CODE = YES;
				CLANG_WARN__DUPLICATE_METHOD_MATCH = YES;
				CODE_SIGN_IDENTITY = "-";
				COPY_PHASE_STRIP = NO;
				DEBUG_INFORMATION_FORMAT = "dwarf-with-dsym";
				ENABLE_NS_ASSERTIONS = NO;
				ENABLE_STRICT_OBJC_MSGSEND = YES;
				GCC_C_LANGUAGE_STANDARD = gnu99;
				GCC_NO_COMMON_BLOCKS = YES;
				GCC_WARN_64_TO_32_BIT_CONVERSION = YES;
				GCC_WARN_ABOUT_RETURN_TYPE = YES_ERROR;
				GCC_WARN_UNDECLARED_SELECTOR = YES;
				GCC_WARN_UNINITIALIZED_AUTOS = YES_AGGRESSIVE;
				GCC_WARN_UNUSED_FUNCTION = YES;
				GCC_WARN_UNUSED_VARIABLE = YES;
				MACOSX_DEPLOYMENT_TARGET = 10.11;
				MTL_ENABLE_DEBUG_INFO = NO;
				SDKROOT = macosx;
			};
			name = Release;
		};
		A9D9DFBF1C915EEE00FEE494 /* Debug */ = {
			isa = XCBuildConfiguration;
			buildSettings = {
				PRODUCT_NAME = "$(TARGET_NAME)";
			};
			name = Debug;
		};
		A9D9DFC01C915EEE00FEE494 /* Release */ = {
			isa = XCBuildConfiguration;
			buildSettings = {
				PRODUCT_NAME = "$(TARGET_NAME)";
			};
			name = Release;
		};
/* End XCBuildConfiguration section */

/* Begin XCConfigurationList section */
		A9D9DFB21C915EEE00FEE494 /* Build configuration list for PBXProject "8.8" */ = {
			isa = XCConfigurationList;
			buildConfigurations = (
				A9D9DFBC1C915EEE00FEE494 /* Debug */,
				A9D9DFBD1C915EEE00FEE494 /* Release */,
			);
			defaultConfigurationIsVisible = 0;
			defaultConfigurationName = Release;
		};
		A9D9DFBE1C915EEE00FEE494 /* Build configuration list for PBXNativeTarget "8.8" */ = {
			isa = XCConfigurationList;
			buildConfigurations = (
				A9D9DFBF1C915EEE00FEE494 /* Debug */,
				A9D9DFC01C915EEE00FEE494 /* Release */,
			);
			defaultConfigurationIsVisible = 0;
		};
/* End XCConfigurationList section */
	};
	rootObject = A9D9DFAF1C915EEE00FEE494 /* Project object */;
}
