// !$*UTF8*$!
{
	archiveVersion = 1;
	classes = {
	};
	objectVersion = 46;
	objects = {

/* Begin PBXBuildFile section */
		271828D61CD1DBD100B19CC4 /* main.m in Sources */ = {isa = PBXBuildFile; fileRef = 271828D51CD1DBD100B19CC4 /* main.m */; };
/* End PBXBuildFile section */

/* Begin PBXCopyFilesBuildPhase section */
		271828D01CD1DBD100B19CC4 /* CopyFiles */ = {
			isa = PBXCopyFilesBuildPhase;
			buildActionMask = 2147483647;
			dstPath = /usr/share/man/man1/;
			dstSubfolderSpec = 0;
			files = (
			);
			runOnlyForDeploymentPostprocessing = 1;
		};
/* End PBXCopyFilesBuildPhase section */

/* Begin PBXFileReference section */
		271828D21CD1DBD100B19CC4 /* 13-4 */ = {isa = PBXFileReference; explicitFileType = "compiled.mach-o.executable"; includeInIndex = 0; path = "13-4"; sourceTree = BUILT_PRODUCTS_DIR; };
		271828D51CD1DBD100B19CC4 /* main.m */ = {isa = PBXFileReference; lastKnownFileType = sourcecode.c.objc; path = main.m; sourceTree = "<group>"; };
/* End PBXFileReference section */

/* Begin PBXFrameworksBuildPhase section */
		271828CF1CD1DBD100B19CC4 /* Frameworks */ = {
			isa = PBXFrameworksBuildPhase;
			buildActionMask = 2147483647;
			files = (
			);
			runOnlyForDeploymentPostprocessing = 0;
		};
/* End PBXFrameworksBuildPhase section */

/* Begin PBXGroup section */
		271828C91CD1DBD100B19CC4 = {
			isa = PBXGroup;
			children = (
				271828D41CD1DBD100B19CC4 /* 13-4 */,
				271828D31CD1DBD100B19CC4 /* Products */,
			);
			sourceTree = "<group>";
		};
		271828D31CD1DBD100B19CC4 /* Products */ = {
			isa = PBXGroup;
			children = (
				271828D21CD1DBD100B19CC4 /* 13-4 */,
			);
			name = Products;
			sourceTree = "<group>";
		};
		271828D41CD1DBD100B19CC4 /* 13-4 */ = {
			isa = PBXGroup;
			children = (
				271828D51CD1DBD100B19CC4 /* main.m */,
			);
			path = "13-4";
			sourceTree = "<group>";
		};
/* End PBXGroup section */

/* Begin PBXNativeTarget section */
		271828D11CD1DBD100B19CC4 /* 13-4 */ = {
			isa = PBXNativeTarget;
			buildConfigurationList = 271828D91CD1DBD100B19CC4 /* Build configuration list for PBXNativeTarget "13-4" */;
			buildPhases = (
				271828CE1CD1DBD100B19CC4 /* Sources */,
				271828CF1CD1DBD100B19CC4 /* Frameworks */,
				271828D01CD1DBD100B19CC4 /* CopyFiles */,
			);
			buildRules = (
			);
			dependencies = (
			);
			name = "13-4";
			productName = "13-4";
			productReference = 271828D21CD1DBD100B19CC4 /* 13-4 */;
			productType = "com.apple.product-type.tool";
		};
/* End PBXNativeTarget section */

/* Begin PBXProject section */
		271828CA1CD1DBD100B19CC4 /* Project object */ = {
			isa = PBXProject;
			attributes = {
				LastUpgradeCheck = 0730;
				ORGANIZATIONNAME = Kyle_Zhang;
				TargetAttributes = {
					271828D11CD1DBD100B19CC4 = {
						CreatedOnToolsVersion = 7.3;
					};
				};
			};
			buildConfigurationList = 271828CD1CD1DBD100B19CC4 /* Build configuration list for PBXProject "13-4" */;
			compatibilityVersion = "Xcode 3.2";
			developmentRegion = English;
			hasScannedForEncodings = 0;
			knownRegions = (
				en,
			);
			mainGroup = 271828C91CD1DBD100B19CC4;
			productRefGroup = 271828D31CD1DBD100B19CC4 /* Products */;
			projectDirPath = "";
			projectRoot = "";
			targets = (
				271828D11CD1DBD100B19CC4 /* 13-4 */,
			);
		};
/* End PBXProject section */

/* Begin PBXSourcesBuildPhase section */
		271828CE1CD1DBD100B19CC4 /* Sources */ = {
			isa = PBXSourcesBuildPhase;
			buildActionMask = 2147483647;
			files = (
				271828D61CD1DBD100B19CC4 /* main.m in Sources */,
			);
			runOnlyForDeploymentPostprocessing = 0;
		};
/* End PBXSourcesBuildPhase section */

/* Begin XCBuildConfiguration section */
		271828D71CD1DBD100B19CC4 /* Debug */ = {
			isa = XCBuildConfiguration;
			buildSettings = {
				ALWAYS_SEARCH_USER_PATHS = NO;
				CLANG_ANALYZER_NONNULL = YES;
				CLANG_CXX_LANGUAGE_STANDARD = "gnu++0x";
				CLANG_CXX_LIBRARY = "libc++";
				CLANG_ENABLE_MODULES = YES;
				CLANG_ENABLE_OBJC_ARC = YES;
				CLANG_WARN_BOOL_CONVERSION = YES;
				CLANG_WARN_CONSTANT_CONVERSION = YES;
				CLANG_WARN_DIRECT_OBJC_ISA_USAGE = YES_ERROR;
				CLANG_WARN_EMPTY_BODY = YES;
				CLANG_WARN_ENUM_CONVERSION = YES;
				CLANG_WARN_INT_CONVERSION = YES;
				CLANG_WARN_OBJC_ROOT_CLASS = YES_ERROR;
				CLANG_WARN_UNREACHABLE_CODE = YES;
				CLANG_WARN__DUPLICATE_METHOD_MATCH = YES;
				CODE_SIGN_IDENTITY = "-";
				COPY_PHASE_STRIP = NO;
				DEBUG_INFORMATION_FORMAT = dwarf;
				ENABLE_STRICT_OBJC_MSGSEND = YES;
				ENABLE_TESTABILITY = YES;
				GCC_C_LANGUAGE_STANDARD = gnu99;
				GCC_DYNAMIC_NO_PIC = NO;
				GCC_NO_COMMON_BLOCKS = YES;
				GCC_OPTIMIZATION_LEVEL = 0;
				GCC_PREPROCESSOR_DEFINITIONS = (
					"DEBUG=1",
					"$(inherited)",
				);
				GCC_WARN_64_TO_32_BIT_CONVERSION = YES;
				GCC_WARN_ABOUT_RETURN_TYPE = YES_ERROR;
				GCC_WARN_UNDECLARED_SELECTOR = YES;
				GCC_WARN_UNINITIALIZED_AUTOS = YES_AGGRESSIVE;
				GCC_WARN_UNUSED_FUNCTION = YES;
				GCC_WARN_UNUSED_VARIABLE = YES;
				MACOSX_DEPLOYMENT_TARGET = 10.11;
				MTL_ENABLE_DEBUG_INFO = YES;
				ONLY_ACTIVE_ARCH = YES;
				SDKROOT = macosx;
			};
			name = Debug;
		};
		271828D81CD1DBD100B19CC4 /* Release */ = {
			isa = XCBuildConfiguration;
			buildSettings = {
				ALWAYS_SEARCH_USER_PATHS = NO;
				CLANG_ANALYZER_NONNULL = YES;
				CLANG_CXX_LANGUAGE_STANDARD = "gnu++0x";
				CLANG_CXX_LIBRARY = "libc++";
				CLANG_ENABLE_MODULES = YES;
				CLANG_ENABLE_OBJC_ARC = YES;
				CLANG_WARN_BOOL_CONVERSION = YES;
				CLANG_WARN_CONSTANT_CONVERSION = YES;
				CLANG_WARN_DIRECT_OBJC_ISA_USAGE = YES_ERROR;
				CLANG_WARN_EMPTY_BODY = YES;
				CLANG_WARN_ENUM_CONVERSION = YES;
				CLANG_WARN_INT_CONVERSION = YES;
				CLANG_WARN_OBJC_ROOT_CLASS = YES_ERROR;
				CLANG_WARN_UNREACHABLE_CODE = YES;
				CLANG_WARN__DUPLICATE_METHOD_MATCH = YES;
				CODE_SIGN_IDENTITY = "-";
				COPY_PHASE_STRIP = NO;
				DEBUG_INFORMATION_FORMAT = "dwarf-with-dsym";
				ENABLE_NS_ASSERTIONS = NO;
				ENABLE_STRICT_OBJC_MSGSEND = YES;
				GCC_C_LANGUAGE_STANDARD = gnu99;
				GCC_NO_COMMON_BLOCKS = YES;
				GCC_WARN_64_TO_32_BIT_CONVERSION = YES;
				GCC_WARN_ABOUT_RETURN_TYPE = YES_ERROR;
				GCC_WARN_UNDECLARED_SELECTOR = YES;
				GCC_WARN_UNINITIALIZED_AUTOS = YES_AGGRESSIVE;
				GCC_WARN_UNUSED_FUNCTION = YES;
				GCC_WARN_UNUSED_VARIABLE = YES;
				MACOSX_DEPLOYMENT_TARGET = 10.11;
				MTL_ENABLE_DEBUG_INFO = NO;
				SDKROOT = macosx;
			};
			name = Release;
		};
		271828DA1CD1DBD100B19CC4 /* Debug */ = {
			isa = XCBuildConfiguration;
			buildSettings = {
				PRODUCT_NAME = "$(TARGET_NAME)";
			};
			name = Debug;
		};
		271828DB1CD1DBD100B19CC4 /* Release */ = {
			isa = XCBuildConfiguration;
			buildSettings = {
				PRODUCT_NAME = "$(TARGET_NAME)";
			};
			name = Release;
		};
/* End XCBuildConfiguration section */

/* Begin XCConfigurationList section */
		271828CD1CD1DBD100B19CC4 /* Build configuration list for PBXProject "13-4" */ = {
			isa = XCConfigurationList;
			buildConfigurations = (
				271828D71CD1DBD100B19CC4 /* Debug */,
				271828D81CD1DBD100B19CC4 /* Release */,
			);
			defaultConfigurationIsVisible = 0;
			defaultConfigurationName = Release;
		};
		271828D91CD1DBD100B19CC4 /* Build configuration list for PBXNativeTarget "13-4" */ = {
			isa = XCConfigurationList;
			buildConfigurations = (
				271828DA1CD1DBD100B19CC4 /* Debug */,
				271828DB1CD1DBD100B19CC4 /* Release */,
			);
			defaultConfigurationIsVisible = 0;
		};
/* End XCConfigurationList section */
	};
	rootObject = 271828CA1CD1DBD100B19CC4 /* Project object */;
}
