// !$*UTF8*$!
{
	archiveVersion = 1;
	classes = {
	};
	objectVersion = 46;
	objects = {

/* Begin PBXBuildFile section */
		27F5A4561CE2F78E00B53B79 /* main.m in Sources */ = {isa = PBXBuildFile; fileRef = 27F5A4551CE2F78E00B53B79 /* main.m */; };
		27F5A4591CE2F78E00B53B79 /* AppDelegate.m in Sources */ = {isa = PBXBuildFile; fileRef = 27F5A4581CE2F78E00B53B79 /* AppDelegate.m */; };
		27F5A45C1CE2F78E00B53B79 /* ViewController.m in Sources */ = {isa = PBXBuildFile; fileRef = 27F5A45B1CE2F78E00B53B79 /* ViewController.m */; };
		27F5A45F1CE2F78E00B53B79 /* Main.storyboard in Resources */ = {isa = PBXBuildFile; fileRef = 27F5A45D1CE2F78E00B53B79 /* Main.storyboard */; };
		27F5A4611CE2F78E00B53B79 /* Assets.xcassets in Resources */ = {isa = PBXBuildFile; fileRef = 27F5A4601CE2F78E00B53B79 /* Assets.xcassets */; };
		27F5A4641CE2F78E00B53B79 /* LaunchScreen.storyboard in Resources */ = {isa = PBXBuildFile; fileRef = 27F5A4621CE2F78E00B53B79 /* LaunchScreen.storyboard */; };
		27F5A46F1CE2F78E00B53B79 /* HomepwnerTests.m in Sources */ = {isa = PBXBuildFile; fileRef = 27F5A46E1CE2F78E00B53B79 /* HomepwnerTests.m */; };
		27F5A47A1CE2F78F00B53B79 /* HomepwnerUITests.m in Sources */ = {isa = PBXBuildFile; fileRef = 27F5A4791CE2F78F00B53B79 /* HomepwnerUITests.m */; };
		27F5A4891CE2F96E00B53B79 /* TableViewCtroller.m in Sources */ = {isa = PBXBuildFile; fileRef = 27F5A4881CE2F96E00B53B79 /* TableViewCtroller.m */; };
		27F5A48B1CE31B7100B53B79 /* View.xib in Resources */ = {isa = PBXBuildFile; fileRef = 27F5A48A1CE31B7100B53B79 /* View.xib */; };
/* End PBXBuildFile section */

/* Begin PBXContainerItemProxy section */
		27F5A46B1CE2F78E00B53B79 /* PBXContainerItemProxy */ = {
			isa = PBXContainerItemProxy;
			containerPortal = 27F5A4491CE2F78E00B53B79 /* Project object */;
			proxyType = 1;
			remoteGlobalIDString = 27F5A4501CE2F78E00B53B79;
			remoteInfo = Homepwner;
		};
		27F5A4761CE2F78E00B53B79 /* PBXContainerItemProxy */ = {
			isa = PBXContainerItemProxy;
			containerPortal = 27F5A4491CE2F78E00B53B79 /* Project object */;
			proxyType = 1;
			remoteGlobalIDString = 27F5A4501CE2F78E00B53B79;
			remoteInfo = Homepwner;
		};
/* End PBXContainerItemProxy section */

/* Begin PBXFileReference section */
		27F5A4511CE2F78E00B53B79 /* Homepwner.app */ = {isa = PBXFileReference; explicitFileType = wrapper.application; includeInIndex = 0; path = Homepwner.app; sourceTree = BUILT_PRODUCTS_DIR; };
		27F5A4551CE2F78E00B53B79 /* main.m */ = {isa = PBXFileReference; lastKnownFileType = sourcecode.c.objc; path = main.m; sourceTree = "<group>"; };
		27F5A4571CE2F78E00B53B79 /* AppDelegate.h */ = {isa = PBXFileReference; lastKnownFileType = sourcecode.c.h; path = AppDelegate.h; sourceTree = "<group>"; };
		27F5A4581CE2F78E00B53B79 /* AppDelegate.m */ = {isa = PBXFileReference; lastKnownFileType = sourcecode.c.objc; path = AppDelegate.m; sourceTree = "<group>"; };
		27F5A45A1CE2F78E00B53B79 /* ViewController.h */ = {isa = PBXFileReference; lastKnownFileType = sourcecode.c.h; path = ViewController.h; sourceTree = "<group>"; };
		27F5A45B1CE2F78E00B53B79 /* ViewController.m */ = {isa = PBXFileReference; lastKnownFileType = sourcecode.c.objc; path = ViewController.m; sourceTree = "<group>"; };
		27F5A45E1CE2F78E00B53B79 /* Base */ = {isa = PBXFileReference; lastKnownFileType = file.storyboard; name = Base; path = Base.lproj/Main.storyboard; sourceTree = "<group>"; };
		27F5A4601CE2F78E00B53B79 /* Assets.xcassets */ = {isa = PBXFileReference; lastKnownFileType = folder.assetcatalog; path = Assets.xcassets; sourceTree = "<group>"; };
		27F5A4631CE2F78E00B53B79 /* Base */ = {isa = PBXFileReference; lastKnownFileType = file.storyboard; name = Base; path = Base.lproj/LaunchScreen.storyboard; sourceTree = "<group>"; };
		27F5A4651CE2F78E00B53B79 /* Info.plist */ = {isa = PBXFileReference; lastKnownFileType = text.plist.xml; path = Info.plist; sourceTree = "<group>"; };
		27F5A46A1CE2F78E00B53B79 /* HomepwnerTests.xctest */ = {isa = PBXFileReference; explicitFileType = wrapper.cfbundle; includeInIndex = 0; path = HomepwnerTests.xctest; sourceTree = BUILT_PRODUCTS_DIR; };
		27F5A46E1CE2F78E00B53B79 /* HomepwnerTests.m */ = {isa = PBXFileReference; lastKnownFileType = sourcecode.c.objc; path = HomepwnerTests.m; sourceTree = "<group>"; };
		27F5A4701CE2F78E00B53B79 /* Info.plist */ = {isa = PBXFileReference; lastKnownFileType = text.plist.xml; path = Info.plist; sourceTree = "<group>"; };
		27F5A4751CE2F78E00B53B79 /* HomepwnerUITests.xctest */ = {isa = PBXFileReference; explicitFileType = wrapper.cfbundle; includeInIndex = 0; path = HomepwnerUITests.xctest; sourceTree = BUILT_PRODUCTS_DIR; };
		27F5A4791CE2F78F00B53B79 /* HomepwnerUITests.m */ = {isa = PBXFileReference; lastKnownFileType = sourcecode.c.objc; path = HomepwnerUITests.m; sourceTree = "<group>"; };
		27F5A47B1CE2F78F00B53B79 /* Info.plist */ = {isa = PBXFileReference; lastKnownFileType = text.plist.xml; path = Info.plist; sourceTree = "<group>"; };
		27F5A4871CE2F96E00B53B79 /* TableViewCtroller.h */ = {isa = PBXFileReference; fileEncoding = 4; lastKnownFileType = sourcecode.c.h; name = TableViewCtroller.h; path = ../TableViewCtroller.h; sourceTree = "<group>"; };
		27F5A4881CE2F96E00B53B79 /* TableViewCtroller.m */ = {isa = PBXFileReference; fileEncoding = 4; lastKnownFileType = sourcecode.c.objc; name = TableViewCtroller.m; path = ../TableViewCtroller.m; sourceTree = "<group>"; };
		27F5A48A1CE31B7100B53B79 /* View.xib */ = {isa = PBXFileReference; fileEncoding = 4; lastKnownFileType = file.xib; path = View.xib; sourceTree = "<group>"; };
/* End PBXFileReference section */

/* Begin PBXFrameworksBuildPhase section */
		27F5A44E1CE2F78E00B53B79 /* Frameworks */ = {
			isa = PBXFrameworksBuildPhase;
			buildActionMask = 2147483647;
			files = (
			);
			runOnlyForDeploymentPostprocessing = 0;
		};
		27F5A4671CE2F78E00B53B79 /* Frameworks */ = {
			isa = PBXFrameworksBuildPhase;
			buildActionMask = 2147483647;
			files = (
			);
			runOnlyForDeploymentPostprocessing = 0;
		};
		27F5A4721CE2F78E00B53B79 /* Frameworks */ = {
			isa = PBXFrameworksBuildPhase;
			buildActionMask = 2147483647;
			files = (
			);
			runOnlyForDeploymentPostprocessing = 0;
		};
/* End PBXFrameworksBuildPhase section */

/* Begin PBXGroup section */
		27F5A4481CE2F78E00B53B79 = {
			isa = PBXGroup;
			children = (
				27F5A4531CE2F78E00B53B79 /* Homepwner */,
				27F5A46D1CE2F78E00B53B79 /* HomepwnerTests */,
				27F5A4781CE2F78E00B53B79 /* HomepwnerUITests */,
				27F5A4521CE2F78E00B53B79 /* Products */,
			);
			sourceTree = "<group>";
		};
		27F5A4521CE2F78E00B53B79 /* Products */ = {
			isa = PBXGroup;
			children = (
				27F5A4511CE2F78E00B53B79 /* Homepwner.app */,
				27F5A46A1CE2F78E00B53B79 /* HomepwnerTests.xctest */,
				27F5A4751CE2F78E00B53B79 /* HomepwnerUITests.xctest */,
			);
			name = Products;
			sourceTree = "<group>";
		};
		27F5A4531CE2F78E00B53B79 /* Homepwner */ = {
			isa = PBXGroup;
			children = (
				27F5A4571CE2F78E00B53B79 /* AppDelegate.h */,
				27F5A4581CE2F78E00B53B79 /* AppDelegate.m */,
				27F5A45A1CE2F78E00B53B79 /* ViewController.h */,
				27F5A45B1CE2F78E00B53B79 /* ViewController.m */,
				27F5A45D1CE2F78E00B53B79 /* Main.storyboard */,
				27F5A4871CE2F96E00B53B79 /* TableViewCtroller.h */,
				27F5A4881CE2F96E00B53B79 /* TableViewCtroller.m */,
				27F5A48A1CE31B7100B53B79 /* View.xib */,
				27F5A4601CE2F78E00B53B79 /* Assets.xcassets */,
				27F5A4621CE2F78E00B53B79 /* LaunchScreen.storyboard */,
				27F5A4651CE2F78E00B53B79 /* Info.plist */,
				27F5A4541CE2F78E00B53B79 /* Supporting Files */,
			);
			path = Homepwner;
			sourceTree = "<group>";
		};
		27F5A4541CE2F78E00B53B79 /* Supporting Files */ = {
			isa = PBXGroup;
			children = (
				27F5A4551CE2F78E00B53B79 /* main.m */,
			);
			name = "Supporting Files";
			sourceTree = "<group>";
		};
		27F5A46D1CE2F78E00B53B79 /* HomepwnerTests */ = {
			isa = PBXGroup;
			children = (
				27F5A46E1CE2F78E00B53B79 /* HomepwnerTests.m */,
				27F5A4701CE2F78E00B53B79 /* Info.plist */,
			);
			path = HomepwnerTests;
			sourceTree = "<group>";
		};
		27F5A4781CE2F78E00B53B79 /* HomepwnerUITests */ = {
			isa = PBXGroup;
			children = (
				27F5A4791CE2F78F00B53B79 /* HomepwnerUITests.m */,
				27F5A47B1CE2F78F00B53B79 /* Info.plist */,
			);
			path = HomepwnerUITests;
			sourceTree = "<group>";
		};
/* End PBXGroup section */

/* Begin PBXNativeTarget section */
		27F5A4501CE2F78E00B53B79 /* Homepwner */ = {
			isa = PBXNativeTarget;
			buildConfigurationList = 27F5A47E1CE2F78F00B53B79 /* Build configuration list for PBXNativeTarget "Homepwner" */;
			buildPhases = (
				27F5A44D1CE2F78E00B53B79 /* Sources */,
				27F5A44E1CE2F78E00B53B79 /* Frameworks */,
				27F5A44F1CE2F78E00B53B79 /* Resources */,
			);
			buildRules = (
			);
			dependencies = (
			);
			name = Homepwner;
			productName = Homepwner;
			productReference = 27F5A4511CE2F78E00B53B79 /* Homepwner.app */;
			productType = "com.apple.product-type.application";
		};
		27F5A4691CE2F78E00B53B79 /* HomepwnerTests */ = {
			isa = PBXNativeTarget;
			buildConfigurationList = 27F5A4811CE2F78F00B53B79 /* Build configuration list for PBXNativeTarget "HomepwnerTests" */;
			buildPhases = (
				27F5A4661CE2F78E00B53B79 /* Sources */,
				27F5A4671CE2F78E00B53B79 /* Frameworks */,
				27F5A4681CE2F78E00B53B79 /* Resources */,
			);
			buildRules = (
			);
			dependencies = (
				27F5A46C1CE2F78E00B53B79 /* PBXTargetDependency */,
			);
			name = HomepwnerTests;
			productName = HomepwnerTests;
			productReference = 27F5A46A1CE2F78E00B53B79 /* HomepwnerTests.xctest */;
			productType = "com.apple.product-type.bundle.unit-test";
		};
		27F5A4741CE2F78E00B53B79 /* HomepwnerUITests */ = {
			isa = PBXNativeTarget;
			buildConfigurationList = 27F5A4841CE2F78F00B53B79 /* Build configuration list for PBXNativeTarget "HomepwnerUITests" */;
			buildPhases = (
				27F5A4711CE2F78E00B53B79 /* Sources */,
				27F5A4721CE2F78E00B53B79 /* Frameworks */,
				27F5A4731CE2F78E00B53B79 /* Resources */,
			);
			buildRules = (
			);
			dependencies = (
				27F5A4771CE2F78E00B53B79 /* PBXTargetDependency */,
			);
			name = HomepwnerUITests;
			productName = HomepwnerUITests;
			productReference = 27F5A4751CE2F78E00B53B79 /* HomepwnerUITests.xctest */;
			productType = "com.apple.product-type.bundle.ui-testing";
		};
/* End PBXNativeTarget section */

/* Begin PBXProject section */
		27F5A4491CE2F78E00B53B79 /* Project object */ = {
			isa = PBXProject;
			attributes = {
				LastUpgradeCheck = 0730;
				ORGANIZATIONNAME = Kyle;
				TargetAttributes = {
					27F5A4501CE2F78E00B53B79 = {
						CreatedOnToolsVersion = 7.3.1;
					};
					27F5A4691CE2F78E00B53B79 = {
						CreatedOnToolsVersion = 7.3.1;
						TestTargetID = 27F5A4501CE2F78E00B53B79;
					};
					27F5A4741CE2F78E00B53B79 = {
						CreatedOnToolsVersion = 7.3.1;
						TestTargetID = 27F5A4501CE2F78E00B53B79;
					};
				};
			};
			buildConfigurationList = 27F5A44C1CE2F78E00B53B79 /* Build configuration list for PBXProject "Homepwner" */;
			compatibilityVersion = "Xcode 3.2";
			developmentRegion = English;
			hasScannedForEncodings = 0;
			knownRegions = (
				en,
				Base,
			);
			mainGroup = 27F5A4481CE2F78E00B53B79;
			productRefGroup = 27F5A4521CE2F78E00B53B79 /* Products */;
			projectDirPath = "";
			projectRoot = "";
			targets = (
				27F5A4501CE2F78E00B53B79 /* Homepwner */,
				27F5A4691CE2F78E00B53B79 /* HomepwnerTests */,
				27F5A4741CE2F78E00B53B79 /* HomepwnerUITests */,
			);
		};
/* End PBXProject section */

/* Begin PBXResourcesBuildPhase section */
		27F5A44F1CE2F78E00B53B79 /* Resources */ = {
			isa = PBXResourcesBuildPhase;
			buildActionMask = 2147483647;
			files = (
				27F5A48B1CE31B7100B53B79 /* View.xib in Resources */,
				27F5A4641CE2F78E00B53B79 /* LaunchScreen.storyboard in Resources */,
				27F5A4611CE2F78E00B53B79 /* Assets.xcassets in Resources */,
				27F5A45F1CE2F78E00B53B79 /* Main.storyboard in Resources */,
			);
			runOnlyForDeploymentPostprocessing = 0;
		};
		27F5A4681CE2F78E00B53B79 /* Resources */ = {
			isa = PBXResourcesBuildPhase;
			buildActionMask = 2147483647;
			files = (
			);
			runOnlyForDeploymentPostprocessing = 0;
		};
		27F5A4731CE2F78E00B53B79 /* Resources */ = {
			isa = PBXResourcesBuildPhase;
			buildActionMask = 2147483647;
			files = (
			);
			runOnlyForDeploymentPostprocessing = 0;
		};
/* End PBXResourcesBuildPhase section */

/* Begin PBXSourcesBuildPhase section */
		27F5A44D1CE2F78E00B53B79 /* Sources */ = {
			isa = PBXSourcesBuildPhase;
			buildActionMask = 2147483647;
			files = (
				27F5A4891CE2F96E00B53B79 /* TableViewCtroller.m in Sources */,
				27F5A45C1CE2F78E00B53B79 /* ViewController.m in Sources */,
				27F5A4591CE2F78E00B53B79 /* AppDelegate.m in Sources */,
				27F5A4561CE2F78E00B53B79 /* main.m in Sources */,
			);
			runOnlyForDeploymentPostprocessing = 0;
		};
		27F5A4661CE2F78E00B53B79 /* Sources */ = {
			isa = PBXSourcesBuildPhase;
			buildActionMask = 2147483647;
			files = (
				27F5A46F1CE2F78E00B53B79 /* HomepwnerTests.m in Sources */,
			);
			runOnlyForDeploymentPostprocessing = 0;
		};
		27F5A4711CE2F78E00B53B79 /* Sources */ = {
			isa = PBXSourcesBuildPhase;
			buildActionMask = 2147483647;
			files = (
				27F5A47A1CE2F78F00B53B79 /* HomepwnerUITests.m in Sources */,
			);
			runOnlyForDeploymentPostprocessing = 0;
		};
/* End PBXSourcesBuildPhase section */

/* Begin PBXTargetDependency section */
		27F5A46C1CE2F78E00B53B79 /* PBXTargetDependency */ = {
			isa = PBXTargetDependency;
			target = 27F5A4501CE2F78E00B53B79 /* Homepwner */;
			targetProxy = 27F5A46B1CE2F78E00B53B79 /* PBXContainerItemProxy */;
		};
		27F5A4771CE2F78E00B53B79 /* PBXTargetDependency */ = {
			isa = PBXTargetDependency;
			target = 27F5A4501CE2F78E00B53B79 /* Homepwner */;
			targetProxy = 27F5A4761CE2F78E00B53B79 /* PBXContainerItemProxy */;
		};
/* End PBXTargetDependency section */

/* Begin PBXVariantGroup section */
		27F5A45D1CE2F78E00B53B79 /* Main.storyboard */ = {
			isa = PBXVariantGroup;
			children = (
				27F5A45E1CE2F78E00B53B79 /* Base */,
			);
			name = Main.storyboard;
			sourceTree = "<group>";
		};
		27F5A4621CE2F78E00B53B79 /* LaunchScreen.storyboard */ = {
			isa = PBXVariantGroup;
			children = (
				27F5A4631CE2F78E00B53B79 /* Base */,
			);
			name = LaunchScreen.storyboard;
			sourceTree = "<group>";
		};
/* End PBXVariantGroup section */

/* Begin XCBuildConfiguration section */
		27F5A47C1CE2F78F00B53B79 /* Debug */ = {
			isa = XCBuildConfiguration;
			buildSettings = {
				ALWAYS_SEARCH_USER_PATHS = NO;
				CLANG_ANALYZER_NONNULL = YES;
				CLANG_CXX_LANGUAGE_STANDARD = "gnu++0x";
				CLANG_CXX_LIBRARY = "libc++";
				CLANG_ENABLE_MODULES = YES;
				CLANG_ENABLE_OBJC_ARC = YES;
				CLANG_WARN_BOOL_CONVERSION = YES;
				CLANG_WARN_CONSTANT_CONVERSION = YES;
				CLANG_WARN_DIRECT_OBJC_ISA_USAGE = YES_ERROR;
				CLANG_WARN_EMPTY_BODY = YES;
				CLANG_WARN_ENUM_CONVERSION = YES;
				CLANG_WARN_INT_CONVERSION = YES;
				CLANG_WARN_OBJC_ROOT_CLASS = YES_ERROR;
				CLANG_WARN_UNREACHABLE_CODE = YES;
				CLANG_WARN__DUPLICATE_METHOD_MATCH = YES;
				"CODE_SIGN_IDENTITY[sdk=iphoneos*]" = "iPhone Developer";
				COPY_PHASE_STRIP = NO;
				DEBUG_INFORMATION_FORMAT = dwarf;
				ENABLE_STRICT_OBJC_MSGSEND = YES;
				ENABLE_TESTABILITY = YES;
				GCC_C_LANGUAGE_STANDARD = gnu99;
				GCC_DYNAMIC_NO_PIC = NO;
				GCC_NO_COMMON_BLOCKS = YES;
				GCC_OPTIMIZATION_LEVEL = 0;
				GCC_PREPROCESSOR_DEFINITIONS = (
					"DEBUG=1",
					"$(inherited)",
				);
				GCC_WARN_64_TO_32_BIT_CONVERSION = YES;
				GCC_WARN_ABOUT_RETURN_TYPE = YES_ERROR;
				GCC_WARN_UNDECLARED_SELECTOR = YES;
				GCC_WARN_UNINITIALIZED_AUTOS = YES_AGGRESSIVE;
				GCC_WARN_UNUSED_FUNCTION = YES;
				GCC_WARN_UNUSED_VARIABLE = YES;
				IPHONEOS_DEPLOYMENT_TARGET = 9.3;
				MTL_ENABLE_DEBUG_INFO = YES;
				ONLY_ACTIVE_ARCH = YES;
				SDKROOT = iphoneos;
			};
			name = Debug;
		};
		27F5A47D1CE2F78F00B53B79 /* Release */ = {
			isa = XCBuildConfiguration;
			buildSettings = {
				ALWAYS_SEARCH_USER_PATHS = NO;
				CLANG_ANALYZER_NONNULL = YES;
				CLANG_CXX_LANGUAGE_STANDARD = "gnu++0x";
				CLANG_CXX_LIBRARY = "libc++";
				CLANG_ENABLE_MODULES = YES;
				CLANG_ENABLE_OBJC_ARC = YES;
				CLANG_WARN_BOOL_CONVERSION = YES;
				CLANG_WARN_CONSTANT_CONVERSION = YES;
				CLANG_WARN_DIRECT_OBJC_ISA_USAGE = YES_ERROR;
				CLANG_WARN_EMPTY_BODY = YES;
				CLANG_WARN_ENUM_CONVERSION = YES;
				CLANG_WARN_INT_CONVERSION = YES;
				CLANG_WARN_OBJC_ROOT_CLASS = YES_ERROR;
				CLANG_WARN_UNREACHABLE_CODE = YES;
				CLANG_WARN__DUPLICATE_METHOD_MATCH = YES;
				"CODE_SIGN_IDENTITY[sdk=iphoneos*]" = "iPhone Developer";
				COPY_PHASE_STRIP = NO;
				DEBUG_INFORMATION_FORMAT = "dwarf-with-dsym";
				ENABLE_NS_ASSERTIONS = NO;
				ENABLE_STRICT_OBJC_MSGSEND = YES;
				GCC_C_LANGUAGE_STANDARD = gnu99;
				GCC_NO_COMMON_BLOCKS = YES;
				GCC_WARN_64_TO_32_BIT_CONVERSION = YES;
				GCC_WARN_ABOUT_RETURN_TYPE = YES_ERROR;
				GCC_WARN_UNDECLARED_SELECTOR = YES;
				GCC_WARN_UNINITIALIZED_AUTOS = YES_AGGRESSIVE;
				GCC_WARN_UNUSED_FUNCTION = YES;
				GCC_WARN_UNUSED_VARIABLE = YES;
				IPHONEOS_DEPLOYMENT_TARGET = 9.3;
				MTL_ENABLE_DEBUG_INFO = NO;
				SDKROOT = iphoneos;
				VALIDATE_PRODUCT = YES;
			};
			name = Release;
		};
		27F5A47F1CE2F78F00B53B79 /* Debug */ = {
			isa = XCBuildConfiguration;
			buildSettings = {
				ASSETCATALOG_COMPILER_APPICON_NAME = AppIcon;
				INFOPLIST_FILE = Homepwner/Info.plist;
				LD_RUNPATH_SEARCH_PATHS = "$(inherited) @executable_path/Frameworks";
				PRODUCT_BUNDLE_IDENTIFIER = Kyle.universal.com.Homepwner;
				PRODUCT_NAME = "$(TARGET_NAME)";
			};
			name = Debug;
		};
		27F5A4801CE2F78F00B53B79 /* Release */ = {
			isa = XCBuildConfiguration;
			buildSettings = {
				ASSETCATALOG_COMPILER_APPICON_NAME = AppIcon;
				INFOPLIST_FILE = Homepwner/Info.plist;
				LD_RUNPATH_SEARCH_PATHS = "$(inherited) @executable_path/Frameworks";
				PRODUCT_BUNDLE_IDENTIFIER = Kyle.universal.com.Homepwner;
				PRODUCT_NAME = "$(TARGET_NAME)";
			};
			name = Release;
		};
		27F5A4821CE2F78F00B53B79 /* Debug */ = {
			isa = XCBuildConfiguration;
			buildSettings = {
				BUNDLE_LOADER = "$(TEST_HOST)";
				INFOPLIST_FILE = HomepwnerTests/Info.plist;
				LD_RUNPATH_SEARCH_PATHS = "$(inherited) @executable_path/Frameworks @loader_path/Frameworks";
				PRODUCT_BUNDLE_IDENTIFIER = Kyle.universal.com.HomepwnerTests;
				PRODUCT_NAME = "$(TARGET_NAME)";
				TEST_HOST = "$(BUILT_PRODUCTS_DIR)/Homepwner.app/Homepwner";
			};
			name = Debug;
		};
		27F5A4831CE2F78F00B53B79 /* Release */ = {
			isa = XCBuildConfiguration;
			buildSettings = {
				BUNDLE_LOADER = "$(TEST_HOST)";
				INFOPLIST_FILE = HomepwnerTests/Info.plist;
				LD_RUNPATH_SEARCH_PATHS = "$(inherited) @executable_path/Frameworks @loader_path/Frameworks";
				PRODUCT_BUNDLE_IDENTIFIER = Kyle.universal.com.HomepwnerTests;
				PRODUCT_NAME = "$(TARGET_NAME)";
				TEST_HOST = "$(BUILT_PRODUCTS_DIR)/Homepwner.app/Homepwner";
			};
			name = Release;
		};
		27F5A4851CE2F78F00B53B79 /* Debug */ = {
			isa = XCBuildConfiguration;
			buildSettings = {
				INFOPLIST_FILE = HomepwnerUITests/Info.plist;
				LD_RUNPATH_SEARCH_PATHS = "$(inherited) @executable_path/Frameworks @loader_path/Frameworks";
				PRODUCT_BUNDLE_IDENTIFIER = Kyle.universal.com.HomepwnerUITests;
				PRODUCT_NAME = "$(TARGET_NAME)";
				TEST_TARGET_NAME = Homepwner;
			};
			name = Debug;
		};
		27F5A4861CE2F78F00B53B79 /* Release */ = {
			isa = XCBuildConfiguration;
			buildSettings = {
				INFOPLIST_FILE = HomepwnerUITests/Info.plist;
				LD_RUNPATH_SEARCH_PATHS = "$(inherited) @executable_path/Frameworks @loader_path/Frameworks";
				PRODUCT_BUNDLE_IDENTIFIER = Kyle.universal.com.HomepwnerUITests;
				PRODUCT_NAME = "$(TARGET_NAME)";
				TEST_TARGET_NAME = Homepwner;
			};
			name = Release;
		};
/* End XCBuildConfiguration section */

/* Begin XCConfigurationList section */
		27F5A44C1CE2F78E00B53B79 /* Build configuration list for PBXProject "Homepwner" */ = {
			isa = XCConfigurationList;
			buildConfigurations = (
				27F5A47C1CE2F78F00B53B79 /* Debug */,
				27F5A47D1CE2F78F00B53B79 /* Release */,
			);
			defaultConfigurationIsVisible = 0;
			defaultConfigurationName = Release;
		};
		27F5A47E1CE2F78F00B53B79 /* Build configuration list for PBXNativeTarget "Homepwner" */ = {
			isa = XCConfigurationList;
			buildConfigurations = (
				27F5A47F1CE2F78F00B53B79 /* Debug */,
				27F5A4801CE2F78F00B53B79 /* Release */,
			);
			defaultConfigurationIsVisible = 0;
		};
		27F5A4811CE2F78F00B53B79 /* Build configuration list for PBXNativeTarget "HomepwnerTests" */ = {
			isa = XCConfigurationList;
			buildConfigurations = (
				27F5A4821CE2F78F00B53B79 /* Debug */,
				27F5A4831CE2F78F00B53B79 /* Release */,
			);
			defaultConfigurationIsVisible = 0;
		};
		27F5A4841CE2F78F00B53B79 /* Build configuration list for PBXNativeTarget "HomepwnerUITests" */ = {
			isa = XCConfigurationList;
			buildConfigurations = (
				27F5A4851CE2F78F00B53B79 /* Debug */,
				27F5A4861CE2F78F00B53B79 /* Release */,
			);
			defaultConfigurationIsVisible = 0;
		};
/* End XCConfigurationList section */
	};
	rootObject = 27F5A4491CE2F78E00B53B79 /* Project object */;
}
