// !$*UTF8*$!
{
	archiveVersion = 1;
	classes = {
	};
	objectVersion = 46;
	objects = {

/* Begin PBXBuildFile section */
		D3B64EAC1CCD1DE100E524A7 /* main.m in Sources */ = {isa = PBXBuildFile; fileRef = D3B64EAB1CCD1DE100E524A7 /* main.m */; };
		D3B64EB41CCD1DF500E524A7 /* Fraction.m in Sources */ = {isa = PBXBuildFile; fileRef = D3B64EB31CCD1DF500E524A7 /* Fraction.m */; };
		D3B64EB71CCD1DFD00E524A7 /* Complex.m in Sources */ = {isa = PBXBuildFile; fileRef = D3B64EB61CCD1DFD00E524A7 /* Complex.m */; };
/* End PBXBuildFile section */

/* Begin PBXCopyFilesBuildPhase section */
		D3B64EA61CCD1DE100E524A7 /* CopyFiles */ = {
			isa = PBXCopyFilesBuildPhase;
			buildActionMask = 2147483647;
			dstPath = /usr/share/man/man1/;
			dstSubfolderSpec = 0;
			files = (
			);
			runOnlyForDeploymentPostprocessing = 1;
		};
/* End PBXCopyFilesBuildPhase section */

/* Begin PBXFileReference section */
		D3B64EA81CCD1DE100E524A7 /* 9.4 */ = {isa = PBXFileReference; explicitFileType = "compiled.mach-o.executable"; includeInIndex = 0; path = 9.4; sourceTree = BUILT_PRODUCTS_DIR; };
		D3B64EAB1CCD1DE100E524A7 /* main.m */ = {isa = PBXFileReference; lastKnownFileType = sourcecode.c.objc; path = main.m; sourceTree = "<group>"; };
		D3B64EB21CCD1DF500E524A7 /* Fraction.h */ = {isa = PBXFileReference; fileEncoding = 4; lastKnownFileType = sourcecode.c.h; path = Fraction.h; sourceTree = "<group>"; };
		D3B64EB31CCD1DF500E524A7 /* Fraction.m */ = {isa = PBXFileReference; fileEncoding = 4; lastKnownFileType = sourcecode.c.objc; path = Fraction.m; sourceTree = "<group>"; };
		D3B64EB51CCD1DFD00E524A7 /* Complex.h */ = {isa = PBXFileReference; fileEncoding = 4; lastKnownFileType = sourcecode.c.h; path = Complex.h; sourceTree = "<group>"; };
		D3B64EB61CCD1DFD00E524A7 /* Complex.m */ = {isa = PBXFileReference; fileEncoding = 4; lastKnownFileType = sourcecode.c.objc; path = Complex.m; sourceTree = "<group>"; };
/* End PBXFileReference section */

/* Begin PBXFrameworksBuildPhase section */
		D3B64EA51CCD1DE100E524A7 /* Frameworks */ = {
			isa = PBXFrameworksBuildPhase;
			buildActionMask = 2147483647;
			files = (
			);
			runOnlyForDeploymentPostprocessing = 0;
		};
/* End PBXFrameworksBuildPhase section */

/* Begin PBXGroup section */
		D3B64E9F1CCD1DE100E524A7 = {
			isa = PBXGroup;
			children = (
				D3B64EAA1CCD1DE100E524A7 /* 9.4 */,
				D3B64EA91CCD1DE100E524A7 /* Products */,
			);
			sourceTree = "<group>";
		};
		D3B64EA91CCD1DE100E524A7 /* Products */ = {
			isa = PBXGroup;
			children = (
				D3B64EA81CCD1DE100E524A7 /* 9.4 */,
			);
			name = Products;
			sourceTree = "<group>";
		};
		D3B64EAA1CCD1DE100E524A7 /* 9.4 */ = {
			isa = PBXGroup;
			children = (
				D3B64EAB1CCD1DE100E524A7 /* main.m */,
				D3B64EB21CCD1DF500E524A7 /* Fraction.h */,
				D3B64EB31CCD1DF500E524A7 /* Fraction.m */,
				D3B64EB51CCD1DFD00E524A7 /* Complex.h */,
				D3B64EB61CCD1DFD00E524A7 /* Complex.m */,
			);
			path = 9.4;
			sourceTree = "<group>";
		};
/* End PBXGroup section */

/* Begin PBXNativeTarget section */
		D3B64EA71CCD1DE100E524A7 /* 9.4 */ = {
			isa = PBXNativeTarget;
			buildConfigurationList = D3B64EAF1CCD1DE100E524A7 /* Build configuration list for PBXNativeTarget "9.4" */;
			buildPhases = (
				D3B64EA41CCD1DE100E524A7 /* Sources */,
				D3B64EA51CCD1DE100E524A7 /* Frameworks */,
				D3B64EA61CCD1DE100E524A7 /* CopyFiles */,
			);
			buildRules = (
			);
			dependencies = (
			);
			name = 9.4;
			productName = 9.4;
			productReference = D3B64EA81CCD1DE100E524A7 /* 9.4 */;
			productType = "com.apple.product-type.tool";
		};
/* End PBXNativeTarget section */

/* Begin PBXProject section */
		D3B64EA01CCD1DE100E524A7 /* Project object */ = {
			isa = PBXProject;
			attributes = {
				LastUpgradeCheck = 0730;
				ORGANIZATIONNAME = universal;
				TargetAttributes = {
					D3B64EA71CCD1DE100E524A7 = {
						CreatedOnToolsVersion = 7.3;
					};
				};
			};
			buildConfigurationList = D3B64EA31CCD1DE100E524A7 /* Build configuration list for PBXProject "9.4" */;
			compatibilityVersion = "Xcode 3.2";
			developmentRegion = English;
			hasScannedForEncodings = 0;
			knownRegions = (
				en,
			);
			mainGroup = D3B64E9F1CCD1DE100E524A7;
			productRefGroup = D3B64EA91CCD1DE100E524A7 /* Products */;
			projectDirPath = "";
			projectRoot = "";
			targets = (
				D3B64EA71CCD1DE100E524A7 /* 9.4 */,
			);
		};
/* End PBXProject section */

/* Begin PBXSourcesBuildPhase section */
		D3B64EA41CCD1DE100E524A7 /* Sources */ = {
			isa = PBXSourcesBuildPhase;
			buildActionMask = 2147483647;
			files = (
				D3B64EAC1CCD1DE100E524A7 /* main.m in Sources */,
				D3B64EB71CCD1DFD00E524A7 /* Complex.m in Sources */,
				D3B64EB41CCD1DF500E524A7 /* Fraction.m in Sources */,
			);
			runOnlyForDeploymentPostprocessing = 0;
		};
/* End PBXSourcesBuildPhase section */

/* Begin XCBuildConfiguration section */
		D3B64EAD1CCD1DE100E524A7 /* Debug */ = {
			isa = XCBuildConfiguration;
			buildSettings = {
				ALWAYS_SEARCH_USER_PATHS = NO;
				CLANG_ANALYZER_NONNULL = YES;
				CLANG_CXX_LANGUAGE_STANDARD = "gnu++0x";
				CLANG_CXX_LIBRARY = "libc++";
				CLANG_ENABLE_MODULES = YES;
				CLANG_ENABLE_OBJC_ARC = YES;
				CLANG_WARN_BOOL_CONVERSION = YES;
				CLANG_WARN_CONSTANT_CONVERSION = YES;
				CLANG_WARN_DIRECT_OBJC_ISA_USAGE = YES_ERROR;
				CLANG_WARN_EMPTY_BODY = YES;
				CLANG_WARN_ENUM_CONVERSION = YES;
				CLANG_WARN_INT_CONVERSION = YES;
				CLANG_WARN_OBJC_ROOT_CLASS = YES_ERROR;
				CLANG_WARN_UNREACHABLE_CODE = YES;
				CLANG_WARN__DUPLICATE_METHOD_MATCH = YES;
				CODE_SIGN_IDENTITY = "-";
				COPY_PHASE_STRIP = NO;
				DEBUG_INFORMATION_FORMAT = dwarf;
				ENABLE_STRICT_OBJC_MSGSEND = YES;
				ENABLE_TESTABILITY = YES;
				GCC_C_LANGUAGE_STANDARD = gnu99;
				GCC_DYNAMIC_NO_PIC = NO;
				GCC_NO_COMMON_BLOCKS = YES;
				GCC_OPTIMIZATION_LEVEL = 0;
				GCC_PREPROCESSOR_DEFINITIONS = (
					"DEBUG=1",
					"$(inherited)",
				);
				GCC_WARN_64_TO_32_BIT_CONVERSION = YES;
				GCC_WARN_ABOUT_RETURN_TYPE = YES_ERROR;
				GCC_WARN_UNDECLARED_SELECTOR = YES;
				GCC_WARN_UNINITIALIZED_AUTOS = YES_AGGRESSIVE;
				GCC_WARN_UNUSED_FUNCTION = YES;
				GCC_WARN_UNUSED_VARIABLE = YES;
				MACOSX_DEPLOYMENT_TARGET = 10.11;
				MTL_ENABLE_DEBUG_INFO = YES;
				ONLY_ACTIVE_ARCH = YES;
				SDKROOT = macosx;
			};
			name = Debug;
		};
		D3B64EAE1CCD1DE100E524A7 /* Release */ = {
			isa = XCBuildConfiguration;
			buildSettings = {
				ALWAYS_SEARCH_USER_PATHS = NO;
				CLANG_ANALYZER_NONNULL = YES;
				CLANG_CXX_LANGUAGE_STANDARD = "gnu++0x";
				CLANG_CXX_LIBRARY = "libc++";
				CLANG_ENABLE_MODULES = YES;
				CLANG_ENABLE_OBJC_ARC = YES;
				CLANG_WARN_BOOL_CONVERSION = YES;
				CLANG_WARN_CONSTANT_CONVERSION = YES;
				CLANG_WARN_DIRECT_OBJC_ISA_USAGE = YES_ERROR;
				CLANG_WARN_EMPTY_BODY = YES;
				CLANG_WARN_ENUM_CONVERSION = YES;
				CLANG_WARN_INT_CONVERSION = YES;
				CLANG_WARN_OBJC_ROOT_CLASS = YES_ERROR;
				CLANG_WARN_UNREACHABLE_CODE = YES;
				CLANG_WARN__DUPLICATE_METHOD_MATCH = YES;
				CODE_SIGN_IDENTITY = "-";
				COPY_PHASE_STRIP = NO;
				DEBUG_INFORMATION_FORMAT = "dwarf-with-dsym";
				ENABLE_NS_ASSERTIONS = NO;
				ENABLE_STRICT_OBJC_MSGSEND = YES;
				GCC_C_LANGUAGE_STANDARD = gnu99;
				GCC_NO_COMMON_BLOCKS = YES;
				GCC_WARN_64_TO_32_BIT_CONVERSION = YES;
				GCC_WARN_ABOUT_RETURN_TYPE = YES_ERROR;
				GCC_WARN_UNDECLARED_SELECTOR = YES;
				GCC_WARN_UNINITIALIZED_AUTOS = YES_AGGRESSIVE;
				GCC_WARN_UNUSED_FUNCTION = YES;
				GCC_WARN_UNUSED_VARIABLE = YES;
				MACOSX_DEPLOYMENT_TARGET = 10.11;
				MTL_ENABLE_DEBUG_INFO = NO;
				SDKROOT = macosx;
			};
			name = Release;
		};
		D3B64EB01CCD1DE100E524A7 /* Debug */ = {
			isa = XCBuildConfiguration;
			buildSettings = {
				PRODUCT_NAME = "$(TARGET_NAME)";
			};
			name = Debug;
		};
		D3B64EB11CCD1DE100E524A7 /* Release */ = {
			isa = XCBuildConfiguration;
			buildSettings = {
				PRODUCT_NAME = "$(TARGET_NAME)";
			};
			name = Release;
		};
/* End XCBuildConfiguration section */

/* Begin XCConfigurationList section */
		D3B64EA31CCD1DE100E524A7 /* Build configuration list for PBXProject "9.4" */ = {
			isa = XCConfigurationList;
			buildConfigurations = (
				D3B64EAD1CCD1DE100E524A7 /* Debug */,
				D3B64EAE1CCD1DE100E524A7 /* Release */,
			);
			defaultConfigurationIsVisible = 0;
			defaultConfigurationName = Release;
		};
		D3B64EAF1CCD1DE100E524A7 /* Build configuration list for PBXNativeTarget "9.4" */ = {
			isa = XCConfigurationList;
			buildConfigurations = (
				D3B64EB01CCD1DE100E524A7 /* Debug */,
				D3B64EB11CCD1DE100E524A7 /* Release */,
			);
			defaultConfigurationIsVisible = 0;
		};
/* End XCConfigurationList section */
	};
	rootObject = D3B64EA01CCD1DE100E524A7 /* Project object */;
}
