// !$*UTF8*$!
{
	archiveVersion = 1;
	classes = {
	};
	objectVersion = 46;
	objects = {

/* Begin PBXBuildFile section */
		270A8A9A1CEB1457008EBED3 /* main.m in Sources */ = {isa = PBXBuildFile; fileRef = 270A8A991CEB1457008EBED3 /* main.m */; };
		270A8AA21CEB1472008EBED3 /* bnrItem.m in Sources */ = {isa = PBXBuildFile; fileRef = 270A8AA11CEB1472008EBED3 /* bnrItem.m */; };
/* End PBXBuildFile section */

/* Begin PBXCopyFilesBuildPhase section */
		270A8A941CEB1457008EBED3 /* CopyFiles */ = {
			isa = PBXCopyFilesBuildPhase;
			buildActionMask = 2147483647;
			dstPath = /usr/share/man/man1/;
			dstSubfolderSpec = 0;
			files = (
			);
			runOnlyForDeploymentPostprocessing = 1;
		};
/* End PBXCopyFilesBuildPhase section */

/* Begin PBXFileReference section */
		270A8A961CEB1457008EBED3 /* LFF */ = {isa = PBXFileReference; explicitFileType = "compiled.mach-o.executable"; includeInIndex = 0; path = LFF; sourceTree = BUILT_PRODUCTS_DIR; };
		270A8A991CEB1457008EBED3 /* main.m */ = {isa = PBXFileReference; lastKnownFileType = sourcecode.c.objc; path = main.m; sourceTree = "<group>"; };
		270A8AA01CEB1472008EBED3 /* bnrItem.h */ = {isa = PBXFileReference; fileEncoding = 4; lastKnownFileType = sourcecode.c.h; path = bnrItem.h; sourceTree = "<group>"; };
		270A8AA11CEB1472008EBED3 /* bnrItem.m */ = {isa = PBXFileReference; fileEncoding = 4; lastKnownFileType = sourcecode.c.objc; path = bnrItem.m; sourceTree = "<group>"; };
/* End PBXFileReference section */

/* Begin PBXFrameworksBuildPhase section */
		270A8A931CEB1457008EBED3 /* Frameworks */ = {
			isa = PBXFrameworksBuildPhase;
			buildActionMask = 2147483647;
			files = (
			);
			runOnlyForDeploymentPostprocessing = 0;
		};
/* End PBXFrameworksBuildPhase section */

/* Begin PBXGroup section */
		270A8A8D1CEB1457008EBED3 = {
			isa = PBXGroup;
			children = (
				270A8A981CEB1457008EBED3 /* LFF */,
				270A8A971CEB1457008EBED3 /* Products */,
			);
			sourceTree = "<group>";
		};
		270A8A971CEB1457008EBED3 /* Products */ = {
			isa = PBXGroup;
			children = (
				270A8A961CEB1457008EBED3 /* LFF */,
			);
			name = Products;
			sourceTree = "<group>";
		};
		270A8A981CEB1457008EBED3 /* LFF */ = {
			isa = PBXGroup;
			children = (
				270A8A991CEB1457008EBED3 /* main.m */,
				270A8AA01CEB1472008EBED3 /* bnrItem.h */,
				270A8AA11CEB1472008EBED3 /* bnrItem.m */,
			);
			path = LFF;
			sourceTree = "<group>";
		};
/* End PBXGroup section */

/* Begin PBXNativeTarget section */
		270A8A951CEB1457008EBED3 /* LFF */ = {
			isa = PBXNativeTarget;
			buildConfigurationList = 270A8A9D1CEB1457008EBED3 /* Build configuration list for PBXNativeTarget "LFF" */;
			buildPhases = (
				270A8A921CEB1457008EBED3 /* Sources */,
				270A8A931CEB1457008EBED3 /* Frameworks */,
				270A8A941CEB1457008EBED3 /* CopyFiles */,
			);
			buildRules = (
			);
			dependencies = (
			);
			name = LFF;
			productName = LFF;
			productReference = 270A8A961CEB1457008EBED3 /* LFF */;
			productType = "com.apple.product-type.tool";
		};
/* End PBXNativeTarget section */

/* Begin PBXProject section */
		270A8A8E1CEB1457008EBED3 /* Project object */ = {
			isa = PBXProject;
			attributes = {
				LastUpgradeCheck = 0730;
				ORGANIZATIONNAME = Kyle;
				TargetAttributes = {
					270A8A951CEB1457008EBED3 = {
						CreatedOnToolsVersion = 7.3.1;
					};
				};
			};
			buildConfigurationList = 270A8A911CEB1457008EBED3 /* Build configuration list for PBXProject "LFF" */;
			compatibilityVersion = "Xcode 3.2";
			developmentRegion = English;
			hasScannedForEncodings = 0;
			knownRegions = (
				en,
			);
			mainGroup = 270A8A8D1CEB1457008EBED3;
			productRefGroup = 270A8A971CEB1457008EBED3 /* Products */;
			projectDirPath = "";
			projectRoot = "";
			targets = (
				270A8A951CEB1457008EBED3 /* LFF */,
			);
		};
/* End PBXProject section */

/* Begin PBXSourcesBuildPhase section */
		270A8A921CEB1457008EBED3 /* Sources */ = {
			isa = PBXSourcesBuildPhase;
			buildActionMask = 2147483647;
			files = (
				270A8A9A1CEB1457008EBED3 /* main.m in Sources */,
				270A8AA21CEB1472008EBED3 /* bnrItem.m in Sources */,
			);
			runOnlyForDeploymentPostprocessing = 0;
		};
/* End PBXSourcesBuildPhase section */

/* Begin XCBuildConfiguration section */
		270A8A9B1CEB1457008EBED3 /* Debug */ = {
			isa = XCBuildConfiguration;
			buildSettings = {
				ALWAYS_SEARCH_USER_PATHS = NO;
				CLANG_ANALYZER_NONNULL = YES;
				CLANG_CXX_LANGUAGE_STANDARD = "gnu++0x";
				CLANG_CXX_LIBRARY = "libc++";
				CLANG_ENABLE_MODULES = YES;
				CLANG_ENABLE_OBJC_ARC = YES;
				CLANG_WARN_BOOL_CONVERSION = YES;
				CLANG_WARN_CONSTANT_CONVERSION = YES;
				CLANG_WARN_DIRECT_OBJC_ISA_USAGE = YES_ERROR;
				CLANG_WARN_EMPTY_BODY = YES;
				CLANG_WARN_ENUM_CONVERSION = YES;
				CLANG_WARN_INT_CONVERSION = YES;
				CLANG_WARN_OBJC_ROOT_CLASS = YES_ERROR;
				CLANG_WARN_UNREACHABLE_CODE = YES;
				CLANG_WARN__DUPLICATE_METHOD_MATCH = YES;
				CODE_SIGN_IDENTITY = "-";
				COPY_PHASE_STRIP = NO;
				DEBUG_INFORMATION_FORMAT = dwarf;
				ENABLE_STRICT_OBJC_MSGSEND = YES;
				ENABLE_TESTABILITY = YES;
				GCC_C_LANGUAGE_STANDARD = gnu99;
				GCC_DYNAMIC_NO_PIC = NO;
				GCC_NO_COMMON_BLOCKS = YES;
				GCC_OPTIMIZATION_LEVEL = 0;
				GCC_PREPROCESSOR_DEFINITIONS = (
					"DEBUG=1",
					"$(inherited)",
				);
				GCC_WARN_64_TO_32_BIT_CONVERSION = YES;
				GCC_WARN_ABOUT_RETURN_TYPE = YES_ERROR;
				GCC_WARN_UNDECLARED_SELECTOR = YES;
				GCC_WARN_UNINITIALIZED_AUTOS = YES_AGGRESSIVE;
				GCC_WARN_UNUSED_FUNCTION = YES;
				GCC_WARN_UNUSED_VARIABLE = YES;
				MACOSX_DEPLOYMENT_TARGET = 10.11;
				MTL_ENABLE_DEBUG_INFO = YES;
				ONLY_ACTIVE_ARCH = YES;
				SDKROOT = macosx;
			};
			name = Debug;
		};
		270A8A9C1CEB1457008EBED3 /* Release */ = {
			isa = XCBuildConfiguration;
			buildSettings = {
				ALWAYS_SEARCH_USER_PATHS = NO;
				CLANG_ANALYZER_NONNULL = YES;
				CLANG_CXX_LANGUAGE_STANDARD = "gnu++0x";
				CLANG_CXX_LIBRARY = "libc++";
				CLANG_ENABLE_MODULES = YES;
				CLANG_ENABLE_OBJC_ARC = YES;
				CLANG_WARN_BOOL_CONVERSION = YES;
				CLANG_WARN_CONSTANT_CONVERSION = YES;
				CLANG_WARN_DIRECT_OBJC_ISA_USAGE = YES_ERROR;
				CLANG_WARN_EMPTY_BODY = YES;
				CLANG_WARN_ENUM_CONVERSION = YES;
				CLANG_WARN_INT_CONVERSION = YES;
				CLANG_WARN_OBJC_ROOT_CLASS = YES_ERROR;
				CLANG_WARN_UNREACHABLE_CODE = YES;
				CLANG_WARN__DUPLICATE_METHOD_MATCH = YES;
				CODE_SIGN_IDENTITY = "-";
				COPY_PHASE_STRIP = NO;
				DEBUG_INFORMATION_FORMAT = "dwarf-with-dsym";
				ENABLE_NS_ASSERTIONS = NO;
				ENABLE_STRICT_OBJC_MSGSEND = YES;
				GCC_C_LANGUAGE_STANDARD = gnu99;
				GCC_NO_COMMON_BLOCKS = YES;
				GCC_WARN_64_TO_32_BIT_CONVERSION = YES;
				GCC_WARN_ABOUT_RETURN_TYPE = YES_ERROR;
				GCC_WARN_UNDECLARED_SELECTOR = YES;
				GCC_WARN_UNINITIALIZED_AUTOS = YES_AGGRESSIVE;
				GCC_WARN_UNUSED_FUNCTION = YES;
				GCC_WARN_UNUSED_VARIABLE = YES;
				MACOSX_DEPLOYMENT_TARGET = 10.11;
				MTL_ENABLE_DEBUG_INFO = NO;
				SDKROOT = macosx;
			};
			name = Release;
		};
		270A8A9E1CEB1457008EBED3 /* Debug */ = {
			isa = XCBuildConfiguration;
			buildSettings = {
				PRODUCT_NAME = "$(TARGET_NAME)";
			};
			name = Debug;
		};
		270A8A9F1CEB1457008EBED3 /* Release */ = {
			isa = XCBuildConfiguration;
			buildSettings = {
				PRODUCT_NAME = "$(TARGET_NAME)";
			};
			name = Release;
		};
/* End XCBuildConfiguration section */

/* Begin XCConfigurationList section */
		270A8A911CEB1457008EBED3 /* Build configuration list for PBXProject "LFF" */ = {
			isa = XCConfigurationList;
			buildConfigurations = (
				270A8A9B1CEB1457008EBED3 /* Debug */,
				270A8A9C1CEB1457008EBED3 /* Release */,
			);
			defaultConfigurationIsVisible = 0;
			defaultConfigurationName = Release;
		};
		270A8A9D1CEB1457008EBED3 /* Build configuration list for PBXNativeTarget "LFF" */ = {
			isa = XCConfigurationList;
			buildConfigurations = (
				270A8A9E1CEB1457008EBED3 /* Debug */,
				270A8A9F1CEB1457008EBED3 /* Release */,
			);
			defaultConfigurationIsVisible = 0;
		};
/* End XCConfigurationList section */
	};
	rootObject = 270A8A8E1CEB1457008EBED3 /* Project object */;
}
