// !$*UTF8*$!
{
	archiveVersion = 1;
	classes = {
	};
	objectVersion = 46;
	objects = {

/* Begin PBXBuildFile section */
		279AC75D1CDB10B400B0C3EC /* main.m in Sources */ = {isa = PBXBuildFile; fileRef = 279AC75C1CDB10B400B0C3EC /* main.m */; };
/* End PBXBuildFile section */

/* Begin PBXCopyFilesBuildPhase section */
		279AC7571CDB10B400B0C3EC /* CopyFiles */ = {
			isa = PBXCopyFilesBuildPhase;
			buildActionMask = 2147483647;
			dstPath = /usr/share/man/man1/;
			dstSubfolderSpec = 0;
			files = (
			);
			runOnlyForDeploymentPostprocessing = 1;
		};
/* End PBXCopyFilesBuildPhase section */

/* Begin PBXFileReference section */
		279AC7591CDB10B400B0C3EC /* 6-03-odd_even */ = {isa = PBXFileReference; explicitFileType = "compiled.mach-o.executable"; includeInIndex = 0; path = "6-03-odd_even"; sourceTree = BUILT_PRODUCTS_DIR; };
		279AC75C1CDB10B400B0C3EC /* main.m */ = {isa = PBXFileReference; lastKnownFileType = sourcecode.c.objc; path = main.m; sourceTree = "<group>"; };
/* End PBXFileReference section */

/* Begin PBXFrameworksBuildPhase section */
		279AC7561CDB10B400B0C3EC /* Frameworks */ = {
			isa = PBXFrameworksBuildPhase;
			buildActionMask = 2147483647;
			files = (
			);
			runOnlyForDeploymentPostprocessing = 0;
		};
/* End PBXFrameworksBuildPhase section */

/* Begin PBXGroup section */
		279AC7501CDB10B400B0C3EC = {
			isa = PBXGroup;
			children = (
				279AC75B1CDB10B400B0C3EC /* 6-03-odd_even */,
				279AC75A1CDB10B400B0C3EC /* Products */,
			);
			sourceTree = "<group>";
		};
		279AC75A1CDB10B400B0C3EC /* Products */ = {
			isa = PBXGroup;
			children = (
				279AC7591CDB10B400B0C3EC /* 6-03-odd_even */,
			);
			name = Products;
			sourceTree = "<group>";
		};
		279AC75B1CDB10B400B0C3EC /* 6-03-odd_even */ = {
			isa = PBXGroup;
			children = (
				279AC75C1CDB10B400B0C3EC /* main.m */,
			);
			name = "6-03-odd_even";
			path = "6-03";
			sourceTree = "<group>";
		};
/* End PBXGroup section */

/* Begin PBXNativeTarget section */
		279AC7581CDB10B400B0C3EC /* 6-03-odd_even */ = {
			isa = PBXNativeTarget;
			buildConfigurationList = 279AC7601CDB10B400B0C3EC /* Build configuration list for PBXNativeTarget "6-03-odd_even" */;
			buildPhases = (
				279AC7551CDB10B400B0C3EC /* Sources */,
				279AC7561CDB10B400B0C3EC /* Frameworks */,
				279AC7571CDB10B400B0C3EC /* CopyFiles */,
			);
			buildRules = (
			);
			dependencies = (
			);
			name = "6-03-odd_even";
			productName = "6-03";
			productReference = 279AC7591CDB10B400B0C3EC /* 6-03-odd_even */;
			productType = "com.apple.product-type.tool";
		};
/* End PBXNativeTarget section */

/* Begin PBXProject section */
		279AC7511CDB10B400B0C3EC /* Project object */ = {
			isa = PBXProject;
			attributes = {
				LastUpgradeCheck = 0730;
				ORGANIZATIONNAME = Kyle;
				TargetAttributes = {
					279AC7581CDB10B400B0C3EC = {
						CreatedOnToolsVersion = 7.3;
					};
				};
			};
			buildConfigurationList = 279AC7541CDB10B400B0C3EC /* Build configuration list for PBXProject "6-03-odd_even" */;
			compatibilityVersion = "Xcode 3.2";
			developmentRegion = English;
			hasScannedForEncodings = 0;
			knownRegions = (
				en,
			);
			mainGroup = 279AC7501CDB10B400B0C3EC;
			productRefGroup = 279AC75A1CDB10B400B0C3EC /* Products */;
			projectDirPath = "";
			projectRoot = "";
			targets = (
				279AC7581CDB10B400B0C3EC /* 6-03-odd_even */,
			);
		};
/* End PBXProject section */

/* Begin PBXSourcesBuildPhase section */
		279AC7551CDB10B400B0C3EC /* Sources */ = {
			isa = PBXSourcesBuildPhase;
			buildActionMask = 2147483647;
			files = (
				279AC75D1CDB10B400B0C3EC /* main.m in Sources */,
			);
			runOnlyForDeploymentPostprocessing = 0;
		};
/* End PBXSourcesBuildPhase section */

/* Begin XCBuildConfiguration section */
		279AC75E1CDB10B400B0C3EC /* Debug */ = {
			isa = XCBuildConfiguration;
			buildSettings = {
				ALWAYS_SEARCH_USER_PATHS = NO;
				CLANG_ANALYZER_NONNULL = YES;
				CLANG_CXX_LANGUAGE_STANDARD = "gnu++0x";
				CLANG_CXX_LIBRARY = "libc++";
				CLANG_ENABLE_MODULES = YES;
				CLANG_ENABLE_OBJC_ARC = YES;
				CLANG_WARN_BOOL_CONVERSION = YES;
				CLANG_WARN_CONSTANT_CONVERSION = YES;
				CLANG_WARN_DIRECT_OBJC_ISA_USAGE = YES_ERROR;
				CLANG_WARN_EMPTY_BODY = YES;
				CLANG_WARN_ENUM_CONVERSION = YES;
				CLANG_WARN_INT_CONVERSION = YES;
				CLANG_WARN_OBJC_ROOT_CLASS = YES_ERROR;
				CLANG_WARN_UNREACHABLE_CODE = YES;
				CLANG_WARN__DUPLICATE_METHOD_MATCH = YES;
				CODE_SIGN_IDENTITY = "-";
				COPY_PHASE_STRIP = NO;
				DEBUG_INFORMATION_FORMAT = dwarf;
				ENABLE_STRICT_OBJC_MSGSEND = YES;
				ENABLE_TESTABILITY = YES;
				GCC_C_LANGUAGE_STANDARD = gnu99;
				GCC_DYNAMIC_NO_PIC = NO;
				GCC_NO_COMMON_BLOCKS = YES;
				GCC_OPTIMIZATION_LEVEL = 0;
				GCC_PREPROCESSOR_DEFINITIONS = (
					"DEBUG=1",
					"$(inherited)",
				);
				GCC_WARN_64_TO_32_BIT_CONVERSION = YES;
				GCC_WARN_ABOUT_RETURN_TYPE = YES_ERROR;
				GCC_WARN_UNDECLARED_SELECTOR = YES;
				GCC_WARN_UNINITIALIZED_AUTOS = YES_AGGRESSIVE;
				GCC_WARN_UNUSED_FUNCTION = YES;
				GCC_WARN_UNUSED_VARIABLE = YES;
				MACOSX_DEPLOYMENT_TARGET = 10.11;
				MTL_ENABLE_DEBUG_INFO = YES;
				ONLY_ACTIVE_ARCH = YES;
				SDKROOT = macosx;
			};
			name = Debug;
		};
		279AC75F1CDB10B400B0C3EC /* Release */ = {
			isa = XCBuildConfiguration;
			buildSettings = {
				ALWAYS_SEARCH_USER_PATHS = NO;
				CLANG_ANALYZER_NONNULL = YES;
				CLANG_CXX_LANGUAGE_STANDARD = "gnu++0x";
				CLANG_CXX_LIBRARY = "libc++";
				CLANG_ENABLE_MODULES = YES;
				CLANG_ENABLE_OBJC_ARC = YES;
				CLANG_WARN_BOOL_CONVERSION = YES;
				CLANG_WARN_CONSTANT_CONVERSION = YES;
				CLANG_WARN_DIRECT_OBJC_ISA_USAGE = YES_ERROR;
				CLANG_WARN_EMPTY_BODY = YES;
				CLANG_WARN_ENUM_CONVERSION = YES;
				CLANG_WARN_INT_CONVERSION = YES;
				CLANG_WARN_OBJC_ROOT_CLASS = YES_ERROR;
				CLANG_WARN_UNREACHABLE_CODE = YES;
				CLANG_WARN__DUPLICATE_METHOD_MATCH = YES;
				CODE_SIGN_IDENTITY = "-";
				COPY_PHASE_STRIP = NO;
				DEBUG_INFORMATION_FORMAT = "dwarf-with-dsym";
				ENABLE_NS_ASSERTIONS = NO;
				ENABLE_STRICT_OBJC_MSGSEND = YES;
				GCC_C_LANGUAGE_STANDARD = gnu99;
				GCC_NO_COMMON_BLOCKS = YES;
				GCC_WARN_64_TO_32_BIT_CONVERSION = YES;
				GCC_WARN_ABOUT_RETURN_TYPE = YES_ERROR;
				GCC_WARN_UNDECLARED_SELECTOR = YES;
				GCC_WARN_UNINITIALIZED_AUTOS = YES_AGGRESSIVE;
				GCC_WARN_UNUSED_FUNCTION = YES;
				GCC_WARN_UNUSED_VARIABLE = YES;
				MACOSX_DEPLOYMENT_TARGET = 10.11;
				MTL_ENABLE_DEBUG_INFO = NO;
				SDKROOT = macosx;
			};
			name = Release;
		};
		279AC7611CDB10B400B0C3EC /* Debug */ = {
			isa = XCBuildConfiguration;
			buildSettings = {
				PRODUCT_NAME = "6-03-odd_even";
			};
			name = Debug;
		};
		279AC7621CDB10B400B0C3EC /* Release */ = {
			isa = XCBuildConfiguration;
			buildSettings = {
				PRODUCT_NAME = "6-03-odd_even";
			};
			name = Release;
		};
/* End XCBuildConfiguration section */

/* Begin XCConfigurationList section */
		279AC7541CDB10B400B0C3EC /* Build configuration list for PBXProject "6-03-odd_even" */ = {
			isa = XCConfigurationList;
			buildConfigurations = (
				279AC75E1CDB10B400B0C3EC /* Debug */,
				279AC75F1CDB10B400B0C3EC /* Release */,
			);
			defaultConfigurationIsVisible = 0;
			defaultConfigurationName = Release;
		};
		279AC7601CDB10B400B0C3EC /* Build configuration list for PBXNativeTarget "6-03-odd_even" */ = {
			isa = XCConfigurationList;
			buildConfigurations = (
				279AC7611CDB10B400B0C3EC /* Debug */,
				279AC7621CDB10B400B0C3EC /* Release */,
			);
			defaultConfigurationIsVisible = 0;
		};
/* End XCConfigurationList section */
	};
	rootObject = 279AC7511CDB10B400B0C3EC /* Project object */;
}
